// !$*UTF8*$!
{
	archiveVersion = 1;
	classes = {
	};
	objectVersion = 46;
	objects = {

/* Begin PBXBuildFile section */
		EF7AABE21BECD44000DC4315 /* AppDelegate.swift in Sources */ = {isa = PBXBuildFile; fileRef = EF7AABE11BECD44000DC4315 /* AppDelegate.swift */; };
		EF7AABE41BECD44000DC4315 /* ViewController.swift in Sources */ = {isa = PBXBuildFile; fileRef = EF7AABE31BECD44000DC4315 /* ViewController.swift */; };
		EF7AABE71BECD44000DC4315 /* Main.storyboard in Resources */ = {isa = PBXBuildFile; fileRef = EF7AABE51BECD44000DC4315 /* Main.storyboard */; };
		EF7AABE91BECD44000DC4315 /* Assets.xcassets in Resources */ = {isa = PBXBuildFile; fileRef = EF7AABE81BECD44000DC4315 /* Assets.xcassets */; };
		EF7AABEC1BECD44000DC4315 /* LaunchScreen.storyboard in Resources */ = {isa = PBXBuildFile; fileRef = EF7AABEA1BECD44000DC4315 /* LaunchScreen.storyboard */; };
		EF7AABF71BECD44000DC4315 /* CreationalSwiftPattersnTests.swift in Sources */ = {isa = PBXBuildFile; fileRef = EF7AABF61BECD44000DC4315 /* CreationalSwiftPattersnTests.swift */; };
		EF7AAC021BECD44000DC4315 /* CreationalSwiftPattersnUITests.swift in Sources */ = {isa = PBXBuildFile; fileRef = EF7AAC011BECD44000DC4315 /* CreationalSwiftPattersnUITests.swift */; };
/* End PBXBuildFile section */

/* Begin PBXContainerItemProxy section */
		EF7AABF31BECD44000DC4315 /* PBXContainerItemProxy */ = {
			isa = PBXContainerItemProxy;
			containerPortal = EF7AABD61BECD44000DC4315 /* Project object */;
			proxyType = 1;
			remoteGlobalIDString = EF7AABDD1BECD44000DC4315;
			remoteInfo = CreationalSwiftPattersn;
		};
		EF7AABFE1BECD44000DC4315 /* PBXContainerItemProxy */ = {
			isa = PBXContainerItemProxy;
			containerPortal = EF7AABD61BECD44000DC4315 /* Project object */;
			proxyType = 1;
			remoteGlobalIDString = EF7AABDD1BECD44000DC4315;
			remoteInfo = CreationalSwiftPattersn;
		};
/* End PBXContainerItemProxy section */

/* Begin PBXFileReference section */
		EF7AABDE1BECD44000DC4315 /* CreationalSwiftPattersn.app */ = {isa = PBXFileReference; explicitFileType = wrapper.application; includeInIndex = 0; path = CreationalSwiftPattersn.app; sourceTree = BUILT_PRODUCTS_DIR; };
		EF7AABE11BECD44000DC4315 /* AppDelegate.swift */ = {isa = PBXFileReference; lastKnownFileType = sourcecode.swift; path = AppDelegate.swift; sourceTree = "<group>"; };
		EF7AABE31BECD44000DC4315 /* ViewController.swift */ = {isa = PBXFileReference; lastKnownFileType = sourcecode.swift; path = ViewController.swift; sourceTree = "<group>"; };
		EF7AABE61BECD44000DC4315 /* Base */ = {isa = PBXFileReference; lastKnownFileType = file.storyboard; name = Base; path = Base.lproj/Main.storyboard; sourceTree = "<group>"; };
		EF7AABE81BECD44000DC4315 /* Assets.xcassets */ = {isa = PBXFileReference; lastKnownFileType = folder.assetcatalog; path = Assets.xcassets; sourceTree = "<group>"; };
		EF7AABEB1BECD44000DC4315 /* Base */ = {isa = PBXFileReference; lastKnownFileType = file.storyboard; name = Base; path = Base.lproj/LaunchScreen.storyboard; sourceTree = "<group>"; };
		EF7AABED1BECD44000DC4315 /* Info.plist */ = {isa = PBXFileReference; lastKnownFileType = text.plist.xml; path = Info.plist; sourceTree = "<group>"; };
		EF7AABF21BECD44000DC4315 /* CreationalSwiftPattersnTests.xctest */ = {isa = PBXFileReference; explicitFileType = wrapper.cfbundle; includeInIndex = 0; path = CreationalSwiftPattersnTests.xctest; sourceTree = BUILT_PRODUCTS_DIR; };
		EF7AABF61BECD44000DC4315 /* CreationalSwiftPattersnTests.swift */ = {isa = PBXFileReference; lastKnownFileType = sourcecode.swift; path = CreationalSwiftPattersnTests.swift; sourceTree = "<group>"; };
		EF7AABF81BECD44000DC4315 /* Info.plist */ = {isa = PBXFileReference; lastKnownFileType = text.plist.xml; path = Info.plist; sourceTree = "<group>"; };
		EF7AABFD1BECD44000DC4315 /* CreationalSwiftPattersnUITests.xctest */ = {isa = PBXFileReference; explicitFileType = wrapper.cfbundle; includeInIndex = 0; path = CreationalSwiftPattersnUITests.xctest; sourceTree = BUILT_PRODUCTS_DIR; };
		EF7AAC011BECD44000DC4315 /* CreationalSwiftPattersnUITests.swift */ = {isa = PBXFileReference; lastKnownFileType = sourcecode.swift; path = CreationalSwiftPattersnUITests.swift; sourceTree = "<group>"; };
		EF7AAC031BECD44000DC4315 /* Info.plist */ = {isa = PBXFileReference; lastKnownFileType = text.plist.xml; path = Info.plist; sourceTree = "<group>"; };
/* End PBXFileReference section */

/* Begin PBXFrameworksBuildPhase section */
		EF7AABDB1BECD44000DC4315 /* Frameworks */ = {
			isa = PBXFrameworksBuildPhase;
			buildActionMask = 2147483647;
			files = (
			);
			runOnlyForDeploymentPostprocessing = 0;
		};
		EF7AABEF1BECD44000DC4315 /* Frameworks */ = {
			isa = PBXFrameworksBuildPhase;
			buildActionMask = 2147483647;
			files = (
			);
			runOnlyForDeploymentPostprocessing = 0;
		};
		EF7AABFA1BECD44000DC4315 /* Frameworks */ = {
			isa = PBXFrameworksBuildPhase;
			buildActionMask = 2147483647;
			files = (
			);
			runOnlyForDeploymentPostprocessing = 0;
		};
/* End PBXFrameworksBuildPhase section */

/* Begin PBXGroup section */
		EF7AABD51BECD44000DC4315 = {
			isa = PBXGroup;
			children = (
				EF7AABE01BECD44000DC4315 /* CreationalSwiftPattersn */,
				EF7AABF51BECD44000DC4315 /* CreationalSwiftPattersnTests */,
				EF7AAC001BECD44000DC4315 /* CreationalSwiftPattersnUITests */,
				EF7AABDF1BECD44000DC4315 /* Products */,
			);
			sourceTree = "<group>";
		};
		EF7AABDF1BECD44000DC4315 /* Products */ = {
			isa = PBXGroup;
			children = (
				EF7AABDE1BECD44000DC4315 /* CreationalSwiftPattersn.app */,
				EF7AABF21BECD44000DC4315 /* CreationalSwiftPattersnTests.xctest */,
				EF7AABFD1BECD44000DC4315 /* CreationalSwiftPattersnUITests.xctest */,
			);
			name = Products;
			sourceTree = "<group>";
		};
		EF7AABE01BECD44000DC4315 /* CreationalSwiftPattersn */ = {
			isa = PBXGroup;
			children = (
				EF7AABE11BECD44000DC4315 /* AppDelegate.swift */,
				EF7AABE31BECD44000DC4315 /* ViewController.swift */,
				EF7AABE51BECD44000DC4315 /* Main.storyboard */,
				EF7AABE81BECD44000DC4315 /* Assets.xcassets */,
				EF7AABEA1BECD44000DC4315 /* LaunchScreen.storyboard */,
				EF7AABED1BECD44000DC4315 /* Info.plist */,
			);
			path = CreationalSwiftPattersn;
			sourceTree = "<group>";
		};
		EF7AABF51BECD44000DC4315 /* CreationalSwiftPattersnTests */ = {
			isa = PBXGroup;
			children = (
				EF7AABF61BECD44000DC4315 /* CreationalSwiftPattersnTests.swift */,
				EF7AABF81BECD44000DC4315 /* Info.plist */,
			);
			path = CreationalSwiftPattersnTests;
			sourceTree = "<group>";
		};
		EF7AAC001BECD44000DC4315 /* CreationalSwiftPattersnUITests */ = {
			isa = PBXGroup;
			children = (
				EF7AAC011BECD44000DC4315 /* CreationalSwiftPattersnUITests.swift */,
				EF7AAC031BECD44000DC4315 /* Info.plist */,
			);
			path = CreationalSwiftPattersnUITests;
			sourceTree = "<group>";
		};
/* End PBXGroup section */

/* Begin PBXNativeTarget section */
		EF7AABDD1BECD44000DC4315 /* CreationalSwiftPattersn */ = {
			isa = PBXNativeTarget;
			buildConfigurationList = EF7AAC061BECD44000DC4315 /* Build configuration list for PBXNativeTarget "CreationalSwiftPattersn" */;
			buildPhases = (
				EF7AABDA1BECD44000DC4315 /* Sources */,
				EF7AABDB1BECD44000DC4315 /* Frameworks */,
				EF7AABDC1BECD44000DC4315 /* Resources */,
			);
			buildRules = (
			);
			dependencies = (
			);
			name = CreationalSwiftPattersn;
			productName = CreationalSwiftPattersn;
			productReference = EF7AABDE1BECD44000DC4315 /* CreationalSwiftPattersn.app */;
			productType = "com.apple.product-type.application";
		};
		EF7AABF11BECD44000DC4315 /* CreationalSwiftPattersnTests */ = {
			isa = PBXNativeTarget;
			buildConfigurationList = EF7AAC091BECD44000DC4315 /* Build configuration list for PBXNativeTarget "CreationalSwiftPattersnTests" */;
			buildPhases = (
				EF7AABEE1BECD44000DC4315 /* Sources */,
				EF7AABEF1BECD44000DC4315 /* Frameworks */,
				EF7AABF01BECD44000DC4315 /* Resources */,
			);
			buildRules = (
			);
			dependencies = (
				EF7AABF41BECD44000DC4315 /* PBXTargetDependency */,
			);
			name = CreationalSwiftPattersnTests;
			productName = CreationalSwiftPattersnTests;
			productReference = EF7AABF21BECD44000DC4315 /* CreationalSwiftPattersnTests.xctest */;
			productType = "com.apple.product-type.bundle.unit-test";
		};
		EF7AABFC1BECD44000DC4315 /* CreationalSwiftPattersnUITests */ = {
			isa = PBXNativeTarget;
			buildConfigurationList = EF7AAC0C1BECD44000DC4315 /* Build configuration list for PBXNativeTarget "CreationalSwiftPattersnUITests" */;
			buildPhases = (
				EF7AABF91BECD44000DC4315 /* Sources */,
				EF7AABFA1BECD44000DC4315 /* Frameworks */,
				EF7AABFB1BECD44000DC4315 /* Resources */,
			);
			buildRules = (
			);
			dependencies = (
				EF7AABFF1BECD44000DC4315 /* PBXTargetDependency */,
			);
			name = CreationalSwiftPattersnUITests;
			productName = CreationalSwiftPattersnUITests;
			productReference = EF7AABFD1BECD44000DC4315 /* CreationalSwiftPattersnUITests.xctest */;
			productType = "com.apple.product-type.bundle.ui-testing";
		};
/* End PBXNativeTarget section */

/* Begin PBXProject section */
		EF7AABD61BECD44000DC4315 /* Project object */ = {
			isa = PBXProject;
			attributes = {
				LastSwiftUpdateCheck = 0710;
				LastUpgradeCheck = 0710;
				ORGANIZATIONNAME = "Kaloyan Petrov";
				TargetAttributes = {
					EF7AABDD1BECD44000DC4315 = {
						CreatedOnToolsVersion = 7.1;
					};
					EF7AABF11BECD44000DC4315 = {
						CreatedOnToolsVersion = 7.1;
						TestTargetID = EF7AABDD1BECD44000DC4315;
					};
					EF7AABFC1BECD44000DC4315 = {
						CreatedOnToolsVersion = 7.1;
						TestTargetID = EF7AABDD1BECD44000DC4315;
					};
				};
			};
			buildConfigurationList = EF7AABD91BECD44000DC4315 /* Build configuration list for PBXProject "CreationalSwiftPattersn" */;
			compatibilityVersion = "Xcode 3.2";
			developmentRegion = English;
			hasScannedForEncodings = 0;
			knownRegions = (
				en,
				Base,
			);
			mainGroup = EF7AABD51BECD44000DC4315;
			productRefGroup = EF7AABDF1BECD44000DC4315 /* Products */;
			projectDirPath = "";
			projectRoot = "";
			targets = (
				EF7AABDD1BECD44000DC4315 /* CreationalSwiftPattersn */,
				EF7AABF11BECD44000DC4315 /* CreationalSwiftPattersnTests */,
				EF7AABFC1BECD44000DC4315 /* CreationalSwiftPattersnUITests */,
			);
		};
/* End PBXProject section */

/* Begin PBXResourcesBuildPhase section */
		EF7AABDC1BECD44000DC4315 /* Resources */ = {
			isa = PBXResourcesBuildPhase;
			buildActionMask = 2147483647;
			files = (
				EF7AABEC1BECD44000DC4315 /* LaunchScreen.storyboard in Resources */,
				EF7AABE91BECD44000DC4315 /* Assets.xcassets in Resources */,
				EF7AABE71BECD44000DC4315 /* Main.storyboard in Resources */,
			);
			runOnlyForDeploymentPostprocessing = 0;
		};
		EF7AABF01BECD44000DC4315 /* Resources */ = {
			isa = PBXResourcesBuildPhase;
			buildActionMask = 2147483647;
			files = (
			);
			runOnlyForDeploymentPostprocessing = 0;
		};
		EF7AABFB1BECD44000DC4315 /* Resources */ = {
			isa = PBXResourcesBuildPhase;
			buildActionMask = 2147483647;
			files = (
			);
			runOnlyForDeploymentPostprocessing = 0;
		};
/* End PBXResourcesBuildPhase section */

/* Begin PBXSourcesBuildPhase section */
		EF7AABDA1BECD44000DC4315 /* Sources */ = {
			isa = PBXSourcesBuildPhase;
			buildActionMask = 2147483647;
			files = (
				EF7AABE41BECD44000DC4315 /* ViewController.swift in Sources */,
				EF7AABE21BECD44000DC4315 /* AppDelegate.swift in Sources */,
			);
			runOnlyForDeploymentPostprocessing = 0;
		};
		EF7AABEE1BECD44000DC4315 /* Sources */ = {
			isa = PBXSourcesBuildPhase;
			buildActionMask = 2147483647;
			files = (
				EF7AABF71BECD44000DC4315 /* CreationalSwiftPattersnTests.swift in Sources */,
			);
			runOnlyForDeploymentPostprocessing = 0;
		};
		EF7AABF91BECD44000DC4315 /* Sources */ = {
			isa = PBXSourcesBuildPhase;
			buildActionMask = 2147483647;
			files = (
				EF7AAC021BECD44000DC4315 /* CreationalSwiftPattersnUITests.swift in Sources */,
			);
			runOnlyForDeploymentPostprocessing = 0;
		};
/* End PBXSourcesBuildPhase section */

/* Begin PBXTargetDependency section */
		EF7AABF41BECD44000DC4315 /* PBXTargetDependency */ = {
			isa = PBXTargetDependency;
			target = EF7AABDD1BECD44000DC4315 /* CreationalSwiftPattersn */;
			targetProxy = EF7AABF31BECD44000DC4315 /* PBXContainerItemProxy */;
		};
		EF7AABFF1BECD44000DC4315 /* PBXTargetDependency */ = {
			isa = PBXTargetDependency;
			target = EF7AABDD1BECD44000DC4315 /* CreationalSwiftPattersn */;
			targetProxy = EF7AABFE1BECD44000DC4315 /* PBXContainerItemProxy */;
		};
/* End PBXTargetDependency section */

/* Begin PBXVariantGroup section */
		EF7AABE51BECD44000DC4315 /* Main.storyboard */ = {
			isa = PBXVariantGroup;
			children = (
				EF7AABE61BECD44000DC4315 /* Base */,
			);
			name = Main.storyboard;
			sourceTree = "<group>";
		};
		EF7AABEA1BECD44000DC4315 /* LaunchScreen.storyboard */ = {
			isa = PBXVariantGroup;
			children = (
				EF7AABEB1BECD44000DC4315 /* Base */,
			);
			name = LaunchScreen.storyboard;
			sourceTree = "<group>";
		};
/* End PBXVariantGroup section */

/* Begin XCBuildConfiguration section */
		EF7AAC041BECD44000DC4315 /* Debug */ = {
			isa = XCBuildConfiguration;
			buildSettings = {
				ALWAYS_SEARCH_USER_PATHS = NO;
				CLANG_CXX_LANGUAGE_STANDARD = "gnu++0x";
				CLANG_CXX_LIBRARY = "libc++";
				CLANG_ENABLE_MODULES = YES;
				CLANG_ENABLE_OBJC_ARC = YES;
				CLANG_WARN_BOOL_CONVERSION = YES;
				CLANG_WARN_CONSTANT_CONVERSION = YES;
				CLANG_WARN_DIRECT_OBJC_ISA_USAGE = YES_ERROR;
				CLANG_WARN_EMPTY_BODY = YES;
				CLANG_WARN_ENUM_CONVERSION = YES;
				CLANG_WARN_INT_CONVERSION = YES;
				CLANG_WARN_OBJC_ROOT_CLASS = YES_ERROR;
				CLANG_WARN_UNREACHABLE_CODE = YES;
				CLANG_WARN__DUPLICATE_METHOD_MATCH = YES;
				"CODE_SIGN_IDENTITY[sdk=iphoneos*]" = "iPhone Developer";
				COPY_PHASE_STRIP = NO;
				DEBUG_INFORMATION_FORMAT = dwarf;
				ENABLE_STRICT_OBJC_MSGSEND = YES;
				ENABLE_TESTABILITY = YES;
				GCC_C_LANGUAGE_STANDARD = gnu99;
				GCC_DYNAMIC_NO_PIC = NO;
				GCC_NO_COMMON_BLOCKS = YES;
				GCC_OPTIMIZATION_LEVEL = 0;
				GCC_PREPROCESSOR_DEFINITIONS = (
					"DEBUG=1",
					"$(inherited)",
				);
				GCC_WARN_64_TO_32_BIT_CONVERSION = YES;
				GCC_WARN_ABOUT_RETURN_TYPE = YES_ERROR;
				GCC_WARN_UNDECLARED_SELECTOR = YES;
				GCC_WARN_UNINITIALIZED_AUTOS = YES_AGGRESSIVE;
				GCC_WARN_UNUSED_FUNCTION = YES;
				GCC_WARN_UNUSED_VARIABLE = YES;
				IPHONEOS_DEPLOYMENT_TARGET = 9.1;
				MTL_ENABLE_DEBUG_INFO = YES;
				ONLY_ACTIVE_ARCH = YES;
				SDKROOT = iphoneos;
				SWIFT_OPTIMIZATION_LEVEL = "-Onone";
				TARGETED_DEVICE_FAMILY = "1,2";
			};
			name = Debug;
		};
		EF7AAC051BECD44000DC4315 /* Release */ = {
			isa = XCBuildConfiguration;
			buildSettings = {
				ALWAYS_SEARCH_USER_PATHS = NO;
				CLANG_CXX_LANGUAGE_STANDARD = "gnu++0x";
				CLANG_CXX_LIBRARY = "libc++";
				CLANG_ENABLE_MODULES = YES;
				CLANG_ENABLE_OBJC_ARC = YES;
				CLANG_WARN_BOOL_CONVERSION = YES;
				CLANG_WARN_CONSTANT_CONVERSION = YES;
				CLANG_WARN_DIRECT_OBJC_ISA_USAGE = YES_ERROR;
				CLANG_WARN_EMPTY_BODY = YES;
				CLANG_WARN_ENUM_CONVERSION = YES;
				CLANG_WARN_INT_CONVERSION = YES;
				CLANG_WARN_OBJC_ROOT_CLASS = YES_ERROR;
				CLANG_WARN_UNREACHABLE_CODE = YES;
				CLANG_WARN__DUPLICATE_METHOD_MATCH = YES;
				"CODE_SIGN_IDENTITY[sdk=iphoneos*]" = "iPhone Developer";
				COPY_PHASE_STRIP = NO;
				DEBUG_INFORMATION_FORMAT = "dwarf-with-dsym";
				ENABLE_NS_ASSERTIONS = NO;
				ENABLE_STRICT_OBJC_MSGSEND = YES;
				GCC_C_LANGUAGE_STANDARD = gnu99;
				GCC_NO_COMMON_BLOCKS = YES;
				GCC_WARN_64_TO_32_BIT_CONVERSION = YES;
				GCC_WARN_ABOUT_RETURN_TYPE = YES_ERROR;
				GCC_WARN_UNDECLARED_SELECTOR = YES;
				GCC_WARN_UNINITIALIZED_AUTOS = YES_AGGRESSIVE;
				GCC_WARN_UNUSED_FUNCTION = YES;
				GCC_WARN_UNUSED_VARIABLE = YES;
				IPHONEOS_DEPLOYMENT_TARGET = 9.1;
				MTL_ENABLE_DEBUG_INFO = NO;
				SDKROOT = iphoneos;
				TARGETED_DEVICE_FAMILY = "1,2";
				VALIDATE_PRODUCT = YES;
			};
			name = Release;
		};
		EF7AAC071BECD44000DC4315 /* Debug */ = {
			isa = XCBuildConfiguration;
			buildSettings = {
				ASSETCATALOG_COMPILER_APPICON_NAME = AppIcon;
				INFOPLIST_FILE = CreationalSwiftPattersn/Info.plist;
				LD_RUNPATH_SEARCH_PATHS = "$(inherited) @executable_path/Frameworks";
				PRODUCT_BUNDLE_IDENTIFIER = kaloyanpetrov.com.CreationalSwiftPattersn;
				PRODUCT_NAME = "$(TARGET_NAME)";
			};
			name = Debug;
		};
		EF7AAC081BECD44000DC4315 /* Release */ = {
			isa = XCBuildConfiguration;
			buildSettings = {
				ASSETCATALOG_COMPILER_APPICON_NAME = AppIcon;
				INFOPLIST_FILE = CreationalSwiftPattersn/Info.plist;
				LD_RUNPATH_SEARCH_PATHS = "$(inherited) @executable_path/Frameworks";
				PRODUCT_BUNDLE_IDENTIFIER = kaloyanpetrov.com.CreationalSwiftPattersn;
				PRODUCT_NAME = "$(TARGET_NAME)";
			};
			name = Release;
		};
		EF7AAC0A1BECD44000DC4315 /* Debug */ = {
			isa = XCBuildConfiguration;
			buildSettings = {
				BUNDLE_LOADER = "$(TEST_HOST)";
				INFOPLIST_FILE = CreationalSwiftPattersnTests/Info.plist;
				LD_RUNPATH_SEARCH_PATHS = "$(inherited) @executable_path/Frameworks @loader_path/Frameworks";
				PRODUCT_BUNDLE_IDENTIFIER = kaloyanpetrov.com.CreationalSwiftPattersnTests;
				PRODUCT_NAME = "$(TARGET_NAME)";
				TEST_HOST = "$(BUILT_PRODUCTS_DIR)/CreationalSwiftPattersn.app/CreationalSwiftPattersn";
			};
			name = Debug;
		};
		EF7AAC0B1BECD44000DC4315 /* Release */ = {
			isa = XCBuildConfiguration;
			buildSettings = {
				BUNDLE_LOADER = "$(TEST_HOST)";
				INFOPLIST_FILE = CreationalSwiftPattersnTests/Info.plist;
				LD_RUNPATH_SEARCH_PATHS = "$(inherited) @executable_path/Frameworks @loader_path/Frameworks";
				PRODUCT_BUNDLE_IDENTIFIER = kaloyanpetrov.com.CreationalSwiftPattersnTests;
				PRODUCT_NAME = "$(TARGET_NAME)";
				TEST_HOST = "$(BUILT_PRODUCTS_DIR)/CreationalSwiftPattersn.app/CreationalSwiftPattersn";
			};
			name = Release;
		};
		EF7AAC0D1BECD44000DC4315 /* Debug */ = {
			isa = XCBuildConfiguration;
			buildSettings = {
				INFOPLIST_FILE = CreationalSwiftPattersnUITests/Info.plist;
				LD_RUNPATH_SEARCH_PATHS = "$(inherited) @executable_path/Frameworks @loader_path/Frameworks";
				PRODUCT_BUNDLE_IDENTIFIER = kaloyanpetrov.com.CreationalSwiftPattersnUITests;
				PRODUCT_NAME = "$(TARGET_NAME)";
				TEST_TARGET_NAME = CreationalSwiftPattersn;
				USES_XCTRUNNER = YES;
			};
			name = Debug;
		};
		EF7AAC0E1BECD44000DC4315 /* Release */ = {
			isa = XCBuildConfiguration;
			buildSettings = {
				INFOPLIST_FILE = CreationalSwiftPattersnUITests/Info.plist;
				LD_RUNPATH_SEARCH_PATHS = "$(inherited) @executable_path/Frameworks @loader_path/Frameworks";
				PRODUCT_BUNDLE_IDENTIFIER = kaloyanpetrov.com.CreationalSwiftPattersnUITests;
				PRODUCT_NAME = "$(TARGET_NAME)";
				TEST_TARGET_NAME = CreationalSwiftPattersn;
				USES_XCTRUNNER = YES;
			};
			name = Release;
		};
/* End XCBuildConfiguration section */

/* Begin XCConfigurationList section */
		EF7AABD91BECD44000DC4315 /* Build configuration list for PBXProject "CreationalSwiftPattersn" */ = {
			isa = XCConfigurationList;
			buildConfigurations = (
				EF7AAC041BECD44000DC4315 /* Debug */,
				EF7AAC051BECD44000DC4315 /* Release */,
			);
			defaultConfigurationIsVisible = 0;
			defaultConfigurationName = Release;
		};
		EF7AAC061BECD44000DC4315 /* Build configuration list for PBXNativeTarget "CreationalSwiftPattersn" */ = {
			isa = XCConfigurationList;
			buildConfigurations = (
				EF7AAC071BECD44000DC4315 /* Debug */,
				EF7AAC081BECD44000DC4315 /* Release */,
			);
			defaultConfigurationIsVisible = 0;
		};
		EF7AAC091BECD44000DC4315 /* Build configuration list for PBXNativeTarget "CreationalSwiftPattersnTests" */ = {
			isa = XCConfigurationList;
			buildConfigurations = (
				EF7AAC0A1BECD44000DC4315 /* Debug */,
				EF7AAC0B1BECD44000DC4315 /* Release */,
			);
			defaultConfigurationIsVisible = 0;
		};
		EF7AAC0C1BECD44000DC4315 /* Build configuration list for PBXNativeTarget "CreationalSwiftPattersnUITests" */ = {
			isa = XCConfigurationList;
			buildConfigurations = (
				EF7AAC0D1BECD44000DC4315 /* Debug */,
				EF7AAC0E1BECD44000DC4315 /* Release */,
			);
			defaultConfigurationIsVisible = 0;
		};
/* End XCConfigurationList section */
	};
	rootObject = EF7AABD61BECD44000DC4315 /* Project object */;
}
