// !$*UTF8*$!
{
	archiveVersion = 1;
	classes = {
	};
	objectVersion = 46;
	objects = {

/* Begin PBXBuildFile section */
		EFF93A441BECD52C0016C2D0 /* AppDelegate.swift in Sources */ = {isa = PBXBuildFile; fileRef = EFF93A431BECD52C0016C2D0 /* AppDelegate.swift */; };
		EFF93A461BECD52C0016C2D0 /* ViewController.swift in Sources */ = {isa = PBXBuildFile; fileRef = EFF93A451BECD52C0016C2D0 /* ViewController.swift */; };
		EFF93A491BECD52C0016C2D0 /* Main.storyboard in Resources */ = {isa = PBXBuildFile; fileRef = EFF93A471BECD52C0016C2D0 /* Main.storyboard */; };
		EFF93A4B1BECD52C0016C2D0 /* Assets.xcassets in Resources */ = {isa = PBXBuildFile; fileRef = EFF93A4A1BECD52C0016C2D0 /* Assets.xcassets */; };
		EFF93A4E1BECD52C0016C2D0 /* LaunchScreen.storyboard in Resources */ = {isa = PBXBuildFile; fileRef = EFF93A4C1BECD52C0016C2D0 /* LaunchScreen.storyboard */; };
		EFF93A591BECD52C0016C2D0 /* CreationalDesingPatternsTests.swift in Sources */ = {isa = PBXBuildFile; fileRef = EFF93A581BECD52C0016C2D0 /* CreationalDesingPatternsTests.swift */; };
		EFF93A641BECD52C0016C2D0 /* CreationalDesingPatternsUITests.swift in Sources */ = {isa = PBXBuildFile; fileRef = EFF93A631BECD52C0016C2D0 /* CreationalDesingPatternsUITests.swift */; };
/* End PBXBuildFile section */

/* Begin PBXContainerItemProxy section */
		EFF93A551BECD52C0016C2D0 /* PBXContainerItemProxy */ = {
			isa = PBXContainerItemProxy;
			containerPortal = EFF93A381BECD52C0016C2D0 /* Project object */;
			proxyType = 1;
			remoteGlobalIDString = EFF93A3F1BECD52C0016C2D0;
			remoteInfo = CreationalDesingPatterns;
		};
		EFF93A601BECD52C0016C2D0 /* PBXContainerItemProxy */ = {
			isa = PBXContainerItemProxy;
			containerPortal = EFF93A381BECD52C0016C2D0 /* Project object */;
			proxyType = 1;
			remoteGlobalIDString = EFF93A3F1BECD52C0016C2D0;
			remoteInfo = CreationalDesingPatterns;
		};
/* End PBXContainerItemProxy section */

/* Begin PBXFileReference section */
		EFF93A401BECD52C0016C2D0 /* CreationalDesingPatterns.app */ = {isa = PBXFileReference; explicitFileType = wrapper.application; includeInIndex = 0; path = CreationalDesingPatterns.app; sourceTree = BUILT_PRODUCTS_DIR; };
		EFF93A431BECD52C0016C2D0 /* AppDelegate.swift */ = {isa = PBXFileReference; lastKnownFileType = sourcecode.swift; path = AppDelegate.swift; sourceTree = "<group>"; };
		EFF93A451BECD52C0016C2D0 /* ViewController.swift */ = {isa = PBXFileReference; lastKnownFileType = sourcecode.swift; path = ViewController.swift; sourceTree = "<group>"; };
		EFF93A481BECD52C0016C2D0 /* Base */ = {isa = PBXFileReference; lastKnownFileType = file.storyboard; name = Base; path = Base.lproj/Main.storyboard; sourceTree = "<group>"; };
		EFF93A4A1BECD52C0016C2D0 /* Assets.xcassets */ = {isa = PBXFileReference; lastKnownFileType = folder.assetcatalog; path = Assets.xcassets; sourceTree = "<group>"; };
		EFF93A4D1BECD52C0016C2D0 /* Base */ = {isa = PBXFileReference; lastKnownFileType = file.storyboard; name = Base; path = Base.lproj/LaunchScreen.storyboard; sourceTree = "<group>"; };
		EFF93A4F1BECD52C0016C2D0 /* Info.plist */ = {isa = PBXFileReference; lastKnownFileType = text.plist.xml; path = Info.plist; sourceTree = "<group>"; };
		EFF93A541BECD52C0016C2D0 /* CreationalDesingPatternsTests.xctest */ = {isa = PBXFileReference; explicitFileType = wrapper.cfbundle; includeInIndex = 0; path = CreationalDesingPatternsTests.xctest; sourceTree = BUILT_PRODUCTS_DIR; };
		EFF93A581BECD52C0016C2D0 /* CreationalDesingPatternsTests.swift */ = {isa = PBXFileReference; lastKnownFileType = sourcecode.swift; path = CreationalDesingPatternsTests.swift; sourceTree = "<group>"; };
		EFF93A5A1BECD52C0016C2D0 /* Info.plist */ = {isa = PBXFileReference; lastKnownFileType = text.plist.xml; path = Info.plist; sourceTree = "<group>"; };
		EFF93A5F1BECD52C0016C2D0 /* CreationalDesingPatternsUITests.xctest */ = {isa = PBXFileReference; explicitFileType = wrapper.cfbundle; includeInIndex = 0; path = CreationalDesingPatternsUITests.xctest; sourceTree = BUILT_PRODUCTS_DIR; };
		EFF93A631BECD52C0016C2D0 /* CreationalDesingPatternsUITests.swift */ = {isa = PBXFileReference; lastKnownFileType = sourcecode.swift; path = CreationalDesingPatternsUITests.swift; sourceTree = "<group>"; };
		EFF93A651BECD52C0016C2D0 /* Info.plist */ = {isa = PBXFileReference; lastKnownFileType = text.plist.xml; path = Info.plist; sourceTree = "<group>"; };
/* End PBXFileReference section */

/* Begin PBXFrameworksBuildPhase section */
		EFF93A3D1BECD52C0016C2D0 /* Frameworks */ = {
			isa = PBXFrameworksBuildPhase;
			buildActionMask = 2147483647;
			files = (
			);
			runOnlyForDeploymentPostprocessing = 0;
		};
		EFF93A511BECD52C0016C2D0 /* Frameworks */ = {
			isa = PBXFrameworksBuildPhase;
			buildActionMask = 2147483647;
			files = (
			);
			runOnlyForDeploymentPostprocessing = 0;
		};
		EFF93A5C1BECD52C0016C2D0 /* Frameworks */ = {
			isa = PBXFrameworksBuildPhase;
			buildActionMask = 2147483647;
			files = (
			);
			runOnlyForDeploymentPostprocessing = 0;
		};
/* End PBXFrameworksBuildPhase section */

/* Begin PBXGroup section */
		EFF93A371BECD52C0016C2D0 = {
			isa = PBXGroup;
			children = (
				EFF93A421BECD52C0016C2D0 /* CreationalDesingPatterns */,
				EFF93A571BECD52C0016C2D0 /* CreationalDesingPatternsTests */,
				EFF93A621BECD52C0016C2D0 /* CreationalDesingPatternsUITests */,
				EFF93A411BECD52C0016C2D0 /* Products */,
			);
			sourceTree = "<group>";
		};
		EFF93A411BECD52C0016C2D0 /* Products */ = {
			isa = PBXGroup;
			children = (
				EFF93A401BECD52C0016C2D0 /* CreationalDesingPatterns.app */,
				EFF93A541BECD52C0016C2D0 /* CreationalDesingPatternsTests.xctest */,
				EFF93A5F1BECD52C0016C2D0 /* CreationalDesingPatternsUITests.xctest */,
			);
			name = Products;
			sourceTree = "<group>";
		};
		EFF93A421BECD52C0016C2D0 /* CreationalDesingPatterns */ = {
			isa = PBXGroup;
			children = (
				EFF93A431BECD52C0016C2D0 /* AppDelegate.swift */,
				EFF93A451BECD52C0016C2D0 /* ViewController.swift */,
				EFF93A471BECD52C0016C2D0 /* Main.storyboard */,
				EFF93A4A1BECD52C0016C2D0 /* Assets.xcassets */,
				EFF93A4C1BECD52C0016C2D0 /* LaunchScreen.storyboard */,
				EFF93A4F1BECD52C0016C2D0 /* Info.plist */,
			);
			path = CreationalDesingPatterns;
			sourceTree = "<group>";
		};
		EFF93A571BECD52C0016C2D0 /* CreationalDesingPatternsTests */ = {
			isa = PBXGroup;
			children = (
				EFF93A581BECD52C0016C2D0 /* CreationalDesingPatternsTests.swift */,
				EFF93A5A1BECD52C0016C2D0 /* Info.plist */,
			);
			path = CreationalDesingPatternsTests;
			sourceTree = "<group>";
		};
		EFF93A621BECD52C0016C2D0 /* CreationalDesingPatternsUITests */ = {
			isa = PBXGroup;
			children = (
				EFF93A631BECD52C0016C2D0 /* CreationalDesingPatternsUITests.swift */,
				EFF93A651BECD52C0016C2D0 /* Info.plist */,
			);
			path = CreationalDesingPatternsUITests;
			sourceTree = "<group>";
		};
/* End PBXGroup section */

/* Begin PBXNativeTarget section */
		EFF93A3F1BECD52C0016C2D0 /* CreationalDesingPatterns */ = {
			isa = PBXNativeTarget;
			buildConfigurationList = EFF93A681BECD52C0016C2D0 /* Build configuration list for PBXNativeTarget "CreationalDesingPatterns" */;
			buildPhases = (
				EFF93A3C1BECD52C0016C2D0 /* Sources */,
				EFF93A3D1BECD52C0016C2D0 /* Frameworks */,
				EFF93A3E1BECD52C0016C2D0 /* Resources */,
			);
			buildRules = (
			);
			dependencies = (
			);
			name = CreationalDesingPatterns;
			productName = CreationalDesingPatterns;
			productReference = EFF93A401BECD52C0016C2D0 /* CreationalDesingPatterns.app */;
			productType = "com.apple.product-type.application";
		};
		EFF93A531BECD52C0016C2D0 /* CreationalDesingPatternsTests */ = {
			isa = PBXNativeTarget;
			buildConfigurationList = EFF93A6B1BECD52C0016C2D0 /* Build configuration list for PBXNativeTarget "CreationalDesingPatternsTests" */;
			buildPhases = (
				EFF93A501BECD52C0016C2D0 /* Sources */,
				EFF93A511BECD52C0016C2D0 /* Frameworks */,
				EFF93A521BECD52C0016C2D0 /* Resources */,
			);
			buildRules = (
			);
			dependencies = (
				EFF93A561BECD52C0016C2D0 /* PBXTargetDependency */,
			);
			name = CreationalDesingPatternsTests;
			productName = CreationalDesingPatternsTests;
			productReference = EFF93A541BECD52C0016C2D0 /* CreationalDesingPatternsTests.xctest */;
			productType = "com.apple.product-type.bundle.unit-test";
		};
		EFF93A5E1BECD52C0016C2D0 /* CreationalDesingPatternsUITests */ = {
			isa = PBXNativeTarget;
			buildConfigurationList = EFF93A6E1BECD52C0016C2D0 /* Build configuration list for PBXNativeTarget "CreationalDesingPatternsUITests" */;
			buildPhases = (
				EFF93A5B1BECD52C0016C2D0 /* Sources */,
				EFF93A5C1BECD52C0016C2D0 /* Frameworks */,
				EFF93A5D1BECD52C0016C2D0 /* Resources */,
			);
			buildRules = (
			);
			dependencies = (
				EFF93A611BECD52C0016C2D0 /* PBXTargetDependency */,
			);
			name = CreationalDesingPatternsUITests;
			productName = CreationalDesingPatternsUITests;
			productReference = EFF93A5F1BECD52C0016C2D0 /* CreationalDesingPatternsUITests.xctest */;
			productType = "com.apple.product-type.bundle.ui-testing";
		};
/* End PBXNativeTarget section */

/* Begin PBXProject section */
		EFF93A381BECD52C0016C2D0 /* Project object */ = {
			isa = PBXProject;
			attributes = {
				LastSwiftUpdateCheck = 0710;
				LastUpgradeCheck = 0710;
				ORGANIZATIONNAME = "Kaloyan Petrov";
				TargetAttributes = {
					EFF93A3F1BECD52C0016C2D0 = {
						CreatedOnToolsVersion = 7.1;
					};
					EFF93A531BECD52C0016C2D0 = {
						CreatedOnToolsVersion = 7.1;
						TestTargetID = EFF93A3F1BECD52C0016C2D0;
					};
					EFF93A5E1BECD52C0016C2D0 = {
						CreatedOnToolsVersion = 7.1;
						TestTargetID = EFF93A3F1BECD52C0016C2D0;
					};
				};
			};
			buildConfigurationList = EFF93A3B1BECD52C0016C2D0 /* Build configuration list for PBXProject "CreationalDesingPatterns" */;
			compatibilityVersion = "Xcode 3.2";
			developmentRegion = English;
			hasScannedForEncodings = 0;
			knownRegions = (
				en,
				Base,
			);
			mainGroup = EFF93A371BECD52C0016C2D0;
			productRefGroup = EFF93A411BECD52C0016C2D0 /* Products */;
			projectDirPath = "";
			projectRoot = "";
			targets = (
				EFF93A3F1BECD52C0016C2D0 /* CreationalDesingPatterns */,
				EFF93A531BECD52C0016C2D0 /* CreationalDesingPatternsTests */,
				EFF93A5E1BECD52C0016C2D0 /* CreationalDesingPatternsUITests */,
			);
		};
/* End PBXProject section */

/* Begin PBXResourcesBuildPhase section */
		EFF93A3E1BECD52C0016C2D0 /* Resources */ = {
			isa = PBXResourcesBuildPhase;
			buildActionMask = 2147483647;
			files = (
				EFF93A4E1BECD52C0016C2D0 /* LaunchScreen.storyboard in Resources */,
				EFF93A4B1BECD52C0016C2D0 /* Assets.xcassets in Resources */,
				EFF93A491BECD52C0016C2D0 /* Main.storyboard in Resources */,
			);
			runOnlyForDeploymentPostprocessing = 0;
		};
		EFF93A521BECD52C0016C2D0 /* Resources */ = {
			isa = PBXResourcesBuildPhase;
			buildActionMask = 2147483647;
			files = (
			);
			runOnlyForDeploymentPostprocessing = 0;
		};
		EFF93A5D1BECD52C0016C2D0 /* Resources */ = {
			isa = PBXResourcesBuildPhase;
			buildActionMask = 2147483647;
			files = (
			);
			runOnlyForDeploymentPostprocessing = 0;
		};
/* End PBXResourcesBuildPhase section */

/* Begin PBXSourcesBuildPhase section */
		EFF93A3C1BECD52C0016C2D0 /* Sources */ = {
			isa = PBXSourcesBuildPhase;
			buildActionMask = 2147483647;
			files = (
				EFF93A461BECD52C0016C2D0 /* ViewController.swift in Sources */,
				EFF93A441BECD52C0016C2D0 /* AppDelegate.swift in Sources */,
			);
			runOnlyForDeploymentPostprocessing = 0;
		};
		EFF93A501BECD52C0016C2D0 /* Sources */ = {
			isa = PBXSourcesBuildPhase;
			buildActionMask = 2147483647;
			files = (
				EFF93A591BECD52C0016C2D0 /* CreationalDesingPatternsTests.swift in Sources */,
			);
			runOnlyForDeploymentPostprocessing = 0;
		};
		EFF93A5B1BECD52C0016C2D0 /* Sources */ = {
			isa = PBXSourcesBuildPhase;
			buildActionMask = 2147483647;
			files = (
				EFF93A641BECD52C0016C2D0 /* CreationalDesingPatternsUITests.swift in Sources */,
			);
			runOnlyForDeploymentPostprocessing = 0;
		};
/* End PBXSourcesBuildPhase section */

/* Begin PBXTargetDependency section */
		EFF93A561BECD52C0016C2D0 /* PBXTargetDependency */ = {
			isa = PBXTargetDependency;
			target = EFF93A3F1BECD52C0016C2D0 /* CreationalDesingPatterns */;
			targetProxy = EFF93A551BECD52C0016C2D0 /* PBXContainerItemProxy */;
		};
		EFF93A611BECD52C0016C2D0 /* PBXTargetDependency */ = {
			isa = PBXTargetDependency;
			target = EFF93A3F1BECD52C0016C2D0 /* CreationalDesingPatterns */;
			targetProxy = EFF93A601BECD52C0016C2D0 /* PBXContainerItemProxy */;
		};
/* End PBXTargetDependency section */

/* Begin PBXVariantGroup section */
		EFF93A471BECD52C0016C2D0 /* Main.storyboard */ = {
			isa = PBXVariantGroup;
			children = (
				EFF93A481BECD52C0016C2D0 /* Base */,
			);
			name = Main.storyboard;
			sourceTree = "<group>";
		};
		EFF93A4C1BECD52C0016C2D0 /* LaunchScreen.storyboard */ = {
			isa = PBXVariantGroup;
			children = (
				EFF93A4D1BECD52C0016C2D0 /* Base */,
			);
			name = LaunchScreen.storyboard;
			sourceTree = "<group>";
		};
/* End PBXVariantGroup section */

/* Begin XCBuildConfiguration section */
		EFF93A661BECD52C0016C2D0 /* Debug */ = {
			isa = XCBuildConfiguration;
			buildSettings = {
				ALWAYS_SEARCH_USER_PATHS = NO;
				CLANG_CXX_LANGUAGE_STANDARD = "gnu++0x";
				CLANG_CXX_LIBRARY = "libc++";
				CLANG_ENABLE_MODULES = YES;
				CLANG_ENABLE_OBJC_ARC = YES;
				CLANG_WARN_BOOL_CONVERSION = YES;
				CLANG_WARN_CONSTANT_CONVERSION = YES;
				CLANG_WARN_DIRECT_OBJC_ISA_USAGE = YES_ERROR;
				CLANG_WARN_EMPTY_BODY = YES;
				CLANG_WARN_ENUM_CONVERSION = YES;
				CLANG_WARN_INT_CONVERSION = YES;
				CLANG_WARN_OBJC_ROOT_CLASS = YES_ERROR;
				CLANG_WARN_UNREACHABLE_CODE = YES;
				CLANG_WARN__DUPLICATE_METHOD_MATCH = YES;
				"CODE_SIGN_IDENTITY[sdk=iphoneos*]" = "iPhone Developer";
				COPY_PHASE_STRIP = NO;
				DEBUG_INFORMATION_FORMAT = dwarf;
				ENABLE_STRICT_OBJC_MSGSEND = YES;
				ENABLE_TESTABILITY = YES;
				GCC_C_LANGUAGE_STANDARD = gnu99;
				GCC_DYNAMIC_NO_PIC = NO;
				GCC_NO_COMMON_BLOCKS = YES;
				GCC_OPTIMIZATION_LEVEL = 0;
				GCC_PREPROCESSOR_DEFINITIONS = (
					"DEBUG=1",
					"$(inherited)",
				);
				GCC_WARN_64_TO_32_BIT_CONVERSION = YES;
				GCC_WARN_ABOUT_RETURN_TYPE = YES_ERROR;
				GCC_WARN_UNDECLARED_SELECTOR = YES;
				GCC_WARN_UNINITIALIZED_AUTOS = YES_AGGRESSIVE;
				GCC_WARN_UNUSED_FUNCTION = YES;
				GCC_WARN_UNUSED_VARIABLE = YES;
				IPHONEOS_DEPLOYMENT_TARGET = 9.1;
				MTL_ENABLE_DEBUG_INFO = YES;
				ONLY_ACTIVE_ARCH = YES;
				SDKROOT = iphoneos;
				SWIFT_OPTIMIZATION_LEVEL = "-Onone";
				TARGETED_DEVICE_FAMILY = "1,2";
			};
			name = Debug;
		};
		EFF93A671BECD52C0016C2D0 /* Release */ = {
			isa = XCBuildConfiguration;
			buildSettings = {
				ALWAYS_SEARCH_USER_PATHS = NO;
				CLANG_CXX_LANGUAGE_STANDARD = "gnu++0x";
				CLANG_CXX_LIBRARY = "libc++";
				CLANG_ENABLE_MODULES = YES;
				CLANG_ENABLE_OBJC_ARC = YES;
				CLANG_WARN_BOOL_CONVERSION = YES;
				CLANG_WARN_CONSTANT_CONVERSION = YES;
				CLANG_WARN_DIRECT_OBJC_ISA_USAGE = YES_ERROR;
				CLANG_WARN_EMPTY_BODY = YES;
				CLANG_WARN_ENUM_CONVERSION = YES;
				CLANG_WARN_INT_CONVERSION = YES;
				CLANG_WARN_OBJC_ROOT_CLASS = YES_ERROR;
				CLANG_WARN_UNREACHABLE_CODE = YES;
				CLANG_WARN__DUPLICATE_METHOD_MATCH = YES;
				"CODE_SIGN_IDENTITY[sdk=iphoneos*]" = "iPhone Developer";
				COPY_PHASE_STRIP = NO;
				DEBUG_INFORMATION_FORMAT = "dwarf-with-dsym";
				ENABLE_NS_ASSERTIONS = NO;
				ENABLE_STRICT_OBJC_MSGSEND = YES;
				GCC_C_LANGUAGE_STANDARD = gnu99;
				GCC_NO_COMMON_BLOCKS = YES;
				GCC_WARN_64_TO_32_BIT_CONVERSION = YES;
				GCC_WARN_ABOUT_RETURN_TYPE = YES_ERROR;
				GCC_WARN_UNDECLARED_SELECTOR = YES;
				GCC_WARN_UNINITIALIZED_AUTOS = YES_AGGRESSIVE;
				GCC_WARN_UNUSED_FUNCTION = YES;
				GCC_WARN_UNUSED_VARIABLE = YES;
				IPHONEOS_DEPLOYMENT_TARGET = 9.1;
				MTL_ENABLE_DEBUG_INFO = NO;
				SDKROOT = iphoneos;
				TARGETED_DEVICE_FAMILY = "1,2";
				VALIDATE_PRODUCT = YES;
			};
			name = Release;
		};
		EFF93A691BECD52C0016C2D0 /* Debug */ = {
			isa = XCBuildConfiguration;
			buildSettings = {
				ASSETCATALOG_COMPILER_APPICON_NAME = AppIcon;
				INFOPLIST_FILE = CreationalDesingPatterns/Info.plist;
				LD_RUNPATH_SEARCH_PATHS = "$(inherited) @executable_path/Frameworks";
				PRODUCT_BUNDLE_IDENTIFIER = kaloyanpetrov.com.CreationalDesingPatterns;
				PRODUCT_NAME = "$(TARGET_NAME)";
			};
			name = Debug;
		};
		EFF93A6A1BECD52C0016C2D0 /* Release */ = {
			isa = XCBuildConfiguration;
			buildSettings = {
				ASSETCATALOG_COMPILER_APPICON_NAME = AppIcon;
				INFOPLIST_FILE = CreationalDesingPatterns/Info.plist;
				LD_RUNPATH_SEARCH_PATHS = "$(inherited) @executable_path/Frameworks";
				PRODUCT_BUNDLE_IDENTIFIER = kaloyanpetrov.com.CreationalDesingPatterns;
				PRODUCT_NAME = "$(TARGET_NAME)";
			};
			name = Release;
		};
		EFF93A6C1BECD52C0016C2D0 /* Debug */ = {
			isa = XCBuildConfiguration;
			buildSettings = {
				BUNDLE_LOADER = "$(TEST_HOST)";
				INFOPLIST_FILE = CreationalDesingPatternsTests/Info.plist;
				LD_RUNPATH_SEARCH_PATHS = "$(inherited) @executable_path/Frameworks @loader_path/Frameworks";
				PRODUCT_BUNDLE_IDENTIFIER = kaloyanpetrov.com.CreationalDesingPatternsTests;
				PRODUCT_NAME = "$(TARGET_NAME)";
				TEST_HOST = "$(BUILT_PRODUCTS_DIR)/CreationalDesingPatterns.app/CreationalDesingPatterns";
			};
			name = Debug;
		};
		EFF93A6D1BECD52C0016C2D0 /* Release */ = {
			isa = XCBuildConfiguration;
			buildSettings = {
				BUNDLE_LOADER = "$(TEST_HOST)";
				INFOPLIST_FILE = CreationalDesingPatternsTests/Info.plist;
				LD_RUNPATH_SEARCH_PATHS = "$(inherited) @executable_path/Frameworks @loader_path/Frameworks";
				PRODUCT_BUNDLE_IDENTIFIER = kaloyanpetrov.com.CreationalDesingPatternsTests;
				PRODUCT_NAME = "$(TARGET_NAME)";
				TEST_HOST = "$(BUILT_PRODUCTS_DIR)/CreationalDesingPatterns.app/CreationalDesingPatterns";
			};
			name = Release;
		};
		EFF93A6F1BECD52C0016C2D0 /* Debug */ = {
			isa = XCBuildConfiguration;
			buildSettings = {
				INFOPLIST_FILE = CreationalDesingPatternsUITests/Info.plist;
				LD_RUNPATH_SEARCH_PATHS = "$(inherited) @executable_path/Frameworks @loader_path/Frameworks";
				PRODUCT_BUNDLE_IDENTIFIER = kaloyanpetrov.com.CreationalDesingPatternsUITests;
				PRODUCT_NAME = "$(TARGET_NAME)";
				TEST_TARGET_NAME = CreationalDesingPatterns;
				USES_XCTRUNNER = YES;
			};
			name = Debug;
		};
		EFF93A701BECD52C0016C2D0 /* Release */ = {
			isa = XCBuildConfiguration;
			buildSettings = {
				INFOPLIST_FILE = CreationalDesingPatternsUITests/Info.plist;
				LD_RUNPATH_SEARCH_PATHS = "$(inherited) @executable_path/Frameworks @loader_path/Frameworks";
				PRODUCT_BUNDLE_IDENTIFIER = kaloyanpetrov.com.CreationalDesingPatternsUITests;
				PRODUCT_NAME = "$(TARGET_NAME)";
				TEST_TARGET_NAME = CreationalDesingPatterns;
				USES_XCTRUNNER = YES;
			};
			name = Release;
		};
/* End XCBuildConfiguration section */

/* Begin XCConfigurationList section */
		EFF93A3B1BECD52C0016C2D0 /* Build configuration list for PBXProject "CreationalDesingPatterns" */ = {
			isa = XCConfigurationList;
			buildConfigurations = (
				EFF93A661BECD52C0016C2D0 /* Debug */,
				EFF93A671BECD52C0016C2D0 /* Release */,
			);
			defaultConfigurationIsVisible = 0;
			defaultConfigurationName = Release;
		};
		EFF93A681BECD52C0016C2D0 /* Build configuration list for PBXNativeTarget "CreationalDesingPatterns" */ = {
			isa = XCConfigurationList;
			buildConfigurations = (
				EFF93A691BECD52C0016C2D0 /* Debug */,
				EFF93A6A1BECD52C0016C2D0 /* Release */,
			);
			defaultConfigurationIsVisible = 0;
		};
		EFF93A6B1BECD52C0016C2D0 /* Build configuration list for PBXNativeTarget "CreationalDesingPatternsTests" */ = {
			isa = XCConfigurationList;
			buildConfigurations = (
				EFF93A6C1BECD52C0016C2D0 /* Debug */,
				EFF93A6D1BECD52C0016C2D0 /* Release */,
			);
			defaultConfigurationIsVisible = 0;
		};
		EFF93A6E1BECD52C0016C2D0 /* Build configuration list for PBXNativeTarget "CreationalDesingPatternsUITests" */ = {
			isa = XCConfigurationList;
			buildConfigurations = (
				EFF93A6F1BECD52C0016C2D0 /* Debug */,
				EFF93A701BECD52C0016C2D0 /* Release */,
			);
			defaultConfigurationIsVisible = 0;
		};
/* End XCConfigurationList section */
	};
	rootObject = EFF93A381BECD52C0016C2D0 /* Project object */;
}
