// !$*UTF8*$!
{
	archiveVersion = 1;
	classes = {
	};
	objectVersion = 46;
	objects = {

/* Begin PBXBuildFile section */
		EF2B1EAF1C04A2D300B4A547 /* AppDelegate.swift in Sources */ = {isa = PBXBuildFile; fileRef = EF2B1EAE1C04A2D300B4A547 /* AppDelegate.swift */; };
		EF2B1EB41C04A2D300B4A547 /* Main.storyboard in Resources */ = {isa = PBXBuildFile; fileRef = EF2B1EB21C04A2D300B4A547 /* Main.storyboard */; };
		EF2B1EB61C04A2D300B4A547 /* Assets.xcassets in Resources */ = {isa = PBXBuildFile; fileRef = EF2B1EB51C04A2D300B4A547 /* Assets.xcassets */; };
		EF2B1EB91C04A2D300B4A547 /* LaunchScreen.storyboard in Resources */ = {isa = PBXBuildFile; fileRef = EF2B1EB71C04A2D300B4A547 /* LaunchScreen.storyboard */; };
		EF2B1EC41C04A2D300B4A547 /* DiceGameTests.swift in Sources */ = {isa = PBXBuildFile; fileRef = EF2B1EC31C04A2D300B4A547 /* DiceGameTests.swift */; };
		EF2B1ECF1C04A2D300B4A547 /* DiceGameUITests.swift in Sources */ = {isa = PBXBuildFile; fileRef = EF2B1ECE1C04A2D300B4A547 /* DiceGameUITests.swift */; };
		EF2B1EE11C04A33000B4A547 /* lose.mp3 in Resources */ = {isa = PBXBuildFile; fileRef = EF2B1EDD1C04A33000B4A547 /* lose.mp3 */; };
		EF2B1EE21C04A33000B4A547 /* roll.mp3 in Resources */ = {isa = PBXBuildFile; fileRef = EF2B1EDE1C04A33000B4A547 /* roll.mp3 */; };
		EF2B1EE31C04A33000B4A547 /* tapped.mp3 in Resources */ = {isa = PBXBuildFile; fileRef = EF2B1EDF1C04A33000B4A547 /* tapped.mp3 */; };
		EF2B1EE41C04A33000B4A547 /* win.mp3 in Resources */ = {isa = PBXBuildFile; fileRef = EF2B1EE01C04A33000B4A547 /* win.mp3 */; };
		EF2B1EE61C04A3B700B4A547 /* MainViewController.swift in Sources */ = {isa = PBXBuildFile; fileRef = EF2B1EE51C04A3B700B4A547 /* MainViewController.swift */; };
		EF2B1EE91C04A40E00B4A547 /* RulesViewController.swift in Sources */ = {isa = PBXBuildFile; fileRef = EF2B1EE81C04A40E00B4A547 /* RulesViewController.swift */; };
/* End PBXBuildFile section */

/* Begin PBXContainerItemProxy section */
		EF2B1EC01C04A2D300B4A547 /* PBXContainerItemProxy */ = {
			isa = PBXContainerItemProxy;
			containerPortal = EF2B1EA31C04A2D300B4A547 /* Project object */;
			proxyType = 1;
			remoteGlobalIDString = EF2B1EAA1C04A2D300B4A547;
			remoteInfo = DiceGame;
		};
		EF2B1ECB1C04A2D300B4A547 /* PBXContainerItemProxy */ = {
			isa = PBXContainerItemProxy;
			containerPortal = EF2B1EA31C04A2D300B4A547 /* Project object */;
			proxyType = 1;
			remoteGlobalIDString = EF2B1EAA1C04A2D300B4A547;
			remoteInfo = DiceGame;
		};
/* End PBXContainerItemProxy section */

/* Begin PBXFileReference section */
		EF2B1EAB1C04A2D300B4A547 /* DiceGame.app */ = {isa = PBXFileReference; explicitFileType = wrapper.application; includeInIndex = 0; path = DiceGame.app; sourceTree = BUILT_PRODUCTS_DIR; };
		EF2B1EAE1C04A2D300B4A547 /* AppDelegate.swift */ = {isa = PBXFileReference; lastKnownFileType = sourcecode.swift; path = AppDelegate.swift; sourceTree = "<group>"; };
		EF2B1EB31C04A2D300B4A547 /* Base */ = {isa = PBXFileReference; lastKnownFileType = file.storyboard; name = Base; path = Base.lproj/Main.storyboard; sourceTree = "<group>"; };
		EF2B1EB51C04A2D300B4A547 /* Assets.xcassets */ = {isa = PBXFileReference; lastKnownFileType = folder.assetcatalog; path = Assets.xcassets; sourceTree = "<group>"; };
		EF2B1EB81C04A2D300B4A547 /* Base */ = {isa = PBXFileReference; lastKnownFileType = file.storyboard; name = Base; path = Base.lproj/LaunchScreen.storyboard; sourceTree = "<group>"; };
		EF2B1EBA1C04A2D300B4A547 /* Info.plist */ = {isa = PBXFileReference; lastKnownFileType = text.plist.xml; path = Info.plist; sourceTree = "<group>"; };
		EF2B1EBF1C04A2D300B4A547 /* DiceGameTests.xctest */ = {isa = PBXFileReference; explicitFileType = wrapper.cfbundle; includeInIndex = 0; path = DiceGameTests.xctest; sourceTree = BUILT_PRODUCTS_DIR; };
		EF2B1EC31C04A2D300B4A547 /* DiceGameTests.swift */ = {isa = PBXFileReference; lastKnownFileType = sourcecode.swift; path = DiceGameTests.swift; sourceTree = "<group>"; };
		EF2B1EC51C04A2D300B4A547 /* Info.plist */ = {isa = PBXFileReference; lastKnownFileType = text.plist.xml; path = Info.plist; sourceTree = "<group>"; };
		EF2B1ECA1C04A2D300B4A547 /* DiceGameUITests.xctest */ = {isa = PBXFileReference; explicitFileType = wrapper.cfbundle; includeInIndex = 0; path = DiceGameUITests.xctest; sourceTree = BUILT_PRODUCTS_DIR; };
		EF2B1ECE1C04A2D300B4A547 /* DiceGameUITests.swift */ = {isa = PBXFileReference; lastKnownFileType = sourcecode.swift; path = DiceGameUITests.swift; sourceTree = "<group>"; };
		EF2B1ED01C04A2D300B4A547 /* Info.plist */ = {isa = PBXFileReference; lastKnownFileType = text.plist.xml; path = Info.plist; sourceTree = "<group>"; };
		EF2B1EDD1C04A33000B4A547 /* lose.mp3 */ = {isa = PBXFileReference; lastKnownFileType = audio.mp3; path = lose.mp3; sourceTree = "<group>"; };
		EF2B1EDE1C04A33000B4A547 /* roll.mp3 */ = {isa = PBXFileReference; lastKnownFileType = audio.mp3; path = roll.mp3; sourceTree = "<group>"; };
		EF2B1EDF1C04A33000B4A547 /* tapped.mp3 */ = {isa = PBXFileReference; lastKnownFileType = audio.mp3; path = tapped.mp3; sourceTree = "<group>"; };
		EF2B1EE01C04A33000B4A547 /* win.mp3 */ = {isa = PBXFileReference; lastKnownFileType = audio.mp3; path = win.mp3; sourceTree = "<group>"; };
		EF2B1EE51C04A3B700B4A547 /* MainViewController.swift */ = {isa = PBXFileReference; fileEncoding = 4; lastKnownFileType = sourcecode.swift; path = MainViewController.swift; sourceTree = "<group>"; };
		EF2B1EE81C04A40E00B4A547 /* RulesViewController.swift */ = {isa = PBXFileReference; fileEncoding = 4; lastKnownFileType = sourcecode.swift; path = RulesViewController.swift; sourceTree = "<group>"; };
/* End PBXFileReference section */

/* Begin PBXFrameworksBuildPhase section */
		EF2B1EA81C04A2D300B4A547 /* Frameworks */ = {
			isa = PBXFrameworksBuildPhase;
			buildActionMask = 2147483647;
			files = (
			);
			runOnlyForDeploymentPostprocessing = 0;
		};
		EF2B1EBC1C04A2D300B4A547 /* Frameworks */ = {
			isa = PBXFrameworksBuildPhase;
			buildActionMask = 2147483647;
			files = (
			);
			runOnlyForDeploymentPostprocessing = 0;
		};
		EF2B1EC71C04A2D300B4A547 /* Frameworks */ = {
			isa = PBXFrameworksBuildPhase;
			buildActionMask = 2147483647;
			files = (
			);
			runOnlyForDeploymentPostprocessing = 0;
		};
/* End PBXFrameworksBuildPhase section */

/* Begin PBXGroup section */
		EF2B1EA21C04A2D300B4A547 = {
			isa = PBXGroup;
			children = (
				EF2B1EAD1C04A2D300B4A547 /* DiceGame */,
				EF2B1EC21C04A2D300B4A547 /* DiceGameTests */,
				EF2B1ECD1C04A2D300B4A547 /* DiceGameUITests */,
				EF2B1EAC1C04A2D300B4A547 /* Products */,
			);
			sourceTree = "<group>";
		};
		EF2B1EAC1C04A2D300B4A547 /* Products */ = {
			isa = PBXGroup;
			children = (
				EF2B1EAB1C04A2D300B4A547 /* DiceGame.app */,
				EF2B1EBF1C04A2D300B4A547 /* DiceGameTests.xctest */,
				EF2B1ECA1C04A2D300B4A547 /* DiceGameUITests.xctest */,
			);
			name = Products;
			sourceTree = "<group>";
		};
		EF2B1EAD1C04A2D300B4A547 /* DiceGame */ = {
			isa = PBXGroup;
			children = (
				EF2B1EAE1C04A2D300B4A547 /* AppDelegate.swift */,
				EF2B1EB21C04A2D300B4A547 /* Main.storyboard */,
				EF2B1EB51C04A2D300B4A547 /* Assets.xcassets */,
				EF2B1EB71C04A2D300B4A547 /* LaunchScreen.storyboard */,
				EF2B1EBA1C04A2D300B4A547 /* Info.plist */,
				EF2B1EE71C04A3F700B4A547 /* ViewControllers */,
				EF2B1EDC1C04A31D00B4A547 /* Support Files */,
			);
			path = DiceGame;
			sourceTree = "<group>";
		};
		EF2B1EC21C04A2D300B4A547 /* DiceGameTests */ = {
			isa = PBXGroup;
			children = (
				EF2B1EC31C04A2D300B4A547 /* DiceGameTests.swift */,
				EF2B1EC51C04A2D300B4A547 /* Info.plist */,
			);
			path = DiceGameTests;
			sourceTree = "<group>";
		};
		EF2B1ECD1C04A2D300B4A547 /* DiceGameUITests */ = {
			isa = PBXGroup;
			children = (
				EF2B1ECE1C04A2D300B4A547 /* DiceGameUITests.swift */,
				EF2B1ED01C04A2D300B4A547 /* Info.plist */,
			);
			path = DiceGameUITests;
			sourceTree = "<group>";
		};
		EF2B1EDC1C04A31D00B4A547 /* Support Files */ = {
			isa = PBXGroup;
			children = (
				EF2B1EDD1C04A33000B4A547 /* lose.mp3 */,
				EF2B1EDE1C04A33000B4A547 /* roll.mp3 */,
				EF2B1EDF1C04A33000B4A547 /* tapped.mp3 */,
				EF2B1EE01C04A33000B4A547 /* win.mp3 */,
			);
			name = "Support Files";
			sourceTree = "<group>";
		};
		EF2B1EE71C04A3F700B4A547 /* ViewControllers */ = {
			isa = PBXGroup;
			children = (
				EF2B1EE51C04A3B700B4A547 /* MainViewController.swift */,
				EF2B1EE81C04A40E00B4A547 /* RulesViewController.swift */,
			);
			name = ViewControllers;
			sourceTree = "<group>";
		};
/* End PBXGroup section */

/* Begin PBXNativeTarget section */
		EF2B1EAA1C04A2D300B4A547 /* DiceGame */ = {
			isa = PBXNativeTarget;
			buildConfigurationList = EF2B1ED31C04A2D300B4A547 /* Build configuration list for PBXNativeTarget "DiceGame" */;
			buildPhases = (
				EF2B1EA71C04A2D300B4A547 /* Sources */,
				EF2B1EA81C04A2D300B4A547 /* Frameworks */,
				EF2B1EA91C04A2D300B4A547 /* Resources */,
			);
			buildRules = (
			);
			dependencies = (
			);
			name = DiceGame;
			productName = DiceGame;
			productReference = EF2B1EAB1C04A2D300B4A547 /* DiceGame.app */;
			productType = "com.apple.product-type.application";
		};
		EF2B1EBE1C04A2D300B4A547 /* DiceGameTests */ = {
			isa = PBXNativeTarget;
			buildConfigurationList = EF2B1ED61C04A2D300B4A547 /* Build configuration list for PBXNativeTarget "DiceGameTests" */;
			buildPhases = (
				EF2B1EBB1C04A2D300B4A547 /* Sources */,
				EF2B1EBC1C04A2D300B4A547 /* Frameworks */,
				EF2B1EBD1C04A2D300B4A547 /* Resources */,
			);
			buildRules = (
			);
			dependencies = (
				EF2B1EC11C04A2D300B4A547 /* PBXTargetDependency */,
			);
			name = DiceGameTests;
			productName = DiceGameTests;
			productReference = EF2B1EBF1C04A2D300B4A547 /* DiceGameTests.xctest */;
			productType = "com.apple.product-type.bundle.unit-test";
		};
		EF2B1EC91C04A2D300B4A547 /* DiceGameUITests */ = {
			isa = PBXNativeTarget;
			buildConfigurationList = EF2B1ED91C04A2D300B4A547 /* Build configuration list for PBXNativeTarget "DiceGameUITests" */;
			buildPhases = (
				EF2B1EC61C04A2D300B4A547 /* Sources */,
				EF2B1EC71C04A2D300B4A547 /* Frameworks */,
				EF2B1EC81C04A2D300B4A547 /* Resources */,
			);
			buildRules = (
			);
			dependencies = (
				EF2B1ECC1C04A2D300B4A547 /* PBXTargetDependency */,
			);
			name = DiceGameUITests;
			productName = DiceGameUITests;
			productReference = EF2B1ECA1C04A2D300B4A547 /* DiceGameUITests.xctest */;
			productType = "com.apple.product-type.bundle.ui-testing";
		};
/* End PBXNativeTarget section */

/* Begin PBXProject section */
		EF2B1EA31C04A2D300B4A547 /* Project object */ = {
			isa = PBXProject;
			attributes = {
				LastSwiftUpdateCheck = 0710;
				LastUpgradeCheck = 0710;
				ORGANIZATIONNAME = kaloyanpetrov;
				TargetAttributes = {
					EF2B1EAA1C04A2D300B4A547 = {
						CreatedOnToolsVersion = 7.1;
					};
					EF2B1EBE1C04A2D300B4A547 = {
						CreatedOnToolsVersion = 7.1;
						TestTargetID = EF2B1EAA1C04A2D300B4A547;
					};
					EF2B1EC91C04A2D300B4A547 = {
						CreatedOnToolsVersion = 7.1;
						TestTargetID = EF2B1EAA1C04A2D300B4A547;
					};
				};
			};
			buildConfigurationList = EF2B1EA61C04A2D300B4A547 /* Build configuration list for PBXProject "DiceGame" */;
			compatibilityVersion = "Xcode 3.2";
			developmentRegion = English;
			hasScannedForEncodings = 0;
			knownRegions = (
				en,
				Base,
			);
			mainGroup = EF2B1EA21C04A2D300B4A547;
			productRefGroup = EF2B1EAC1C04A2D300B4A547 /* Products */;
			projectDirPath = "";
			projectRoot = "";
			targets = (
				EF2B1EAA1C04A2D300B4A547 /* DiceGame */,
				EF2B1EBE1C04A2D300B4A547 /* DiceGameTests */,
				EF2B1EC91C04A2D300B4A547 /* DiceGameUITests */,
			);
		};
/* End PBXProject section */

/* Begin PBXResourcesBuildPhase section */
		EF2B1EA91C04A2D300B4A547 /* Resources */ = {
			isa = PBXResourcesBuildPhase;
			buildActionMask = 2147483647;
			files = (
				EF2B1EE31C04A33000B4A547 /* tapped.mp3 in Resources */,
				EF2B1EB91C04A2D300B4A547 /* LaunchScreen.storyboard in Resources */,
				EF2B1EE41C04A33000B4A547 /* win.mp3 in Resources */,
				EF2B1EE21C04A33000B4A547 /* roll.mp3 in Resources */,
				EF2B1EE11C04A33000B4A547 /* lose.mp3 in Resources */,
				EF2B1EB61C04A2D300B4A547 /* Assets.xcassets in Resources */,
				EF2B1EB41C04A2D300B4A547 /* Main.storyboard in Resources */,
			);
			runOnlyForDeploymentPostprocessing = 0;
		};
		EF2B1EBD1C04A2D300B4A547 /* Resources */ = {
			isa = PBXResourcesBuildPhase;
			buildActionMask = 2147483647;
			files = (
			);
			runOnlyForDeploymentPostprocessing = 0;
		};
		EF2B1EC81C04A2D300B4A547 /* Resources */ = {
			isa = PBXResourcesBuildPhase;
			buildActionMask = 2147483647;
			files = (
			);
			runOnlyForDeploymentPostprocessing = 0;
		};
/* End PBXResourcesBuildPhase section */

/* Begin PBXSourcesBuildPhase section */
		EF2B1EA71C04A2D300B4A547 /* Sources */ = {
			isa = PBXSourcesBuildPhase;
			buildActionMask = 2147483647;
			files = (
				EF2B1EAF1C04A2D300B4A547 /* AppDelegate.swift in Sources */,
				EF2B1EE91C04A40E00B4A547 /* RulesViewController.swift in Sources */,
				EF2B1EE61C04A3B700B4A547 /* MainViewController.swift in Sources */,
			);
			runOnlyForDeploymentPostprocessing = 0;
		};
		EF2B1EBB1C04A2D300B4A547 /* Sources */ = {
			isa = PBXSourcesBuildPhase;
			buildActionMask = 2147483647;
			files = (
				EF2B1EC41C04A2D300B4A547 /* DiceGameTests.swift in Sources */,
			);
			runOnlyForDeploymentPostprocessing = 0;
		};
		EF2B1EC61C04A2D300B4A547 /* Sources */ = {
			isa = PBXSourcesBuildPhase;
			buildActionMask = 2147483647;
			files = (
				EF2B1ECF1C04A2D300B4A547 /* DiceGameUITests.swift in Sources */,
			);
			runOnlyForDeploymentPostprocessing = 0;
		};
/* End PBXSourcesBuildPhase section */

/* Begin PBXTargetDependency section */
		EF2B1EC11C04A2D300B4A547 /* PBXTargetDependency */ = {
			isa = PBXTargetDependency;
			target = EF2B1EAA1C04A2D300B4A547 /* DiceGame */;
			targetProxy = EF2B1EC01C04A2D300B4A547 /* PBXContainerItemProxy */;
		};
		EF2B1ECC1C04A2D300B4A547 /* PBXTargetDependency */ = {
			isa = PBXTargetDependency;
			target = EF2B1EAA1C04A2D300B4A547 /* DiceGame */;
			targetProxy = EF2B1ECB1C04A2D300B4A547 /* PBXContainerItemProxy */;
		};
/* End PBXTargetDependency section */

/* Begin PBXVariantGroup section */
		EF2B1EB21C04A2D300B4A547 /* Main.storyboard */ = {
			isa = PBXVariantGroup;
			children = (
				EF2B1EB31C04A2D300B4A547 /* Base */,
			);
			name = Main.storyboard;
			sourceTree = "<group>";
		};
		EF2B1EB71C04A2D300B4A547 /* LaunchScreen.storyboard */ = {
			isa = PBXVariantGroup;
			children = (
				EF2B1EB81C04A2D300B4A547 /* Base */,
			);
			name = LaunchScreen.storyboard;
			sourceTree = "<group>";
		};
/* End PBXVariantGroup section */

/* Begin XCBuildConfiguration section */
		EF2B1ED11C04A2D300B4A547 /* Debug */ = {
			isa = XCBuildConfiguration;
			buildSettings = {
				ALWAYS_SEARCH_USER_PATHS = NO;
				CLANG_CXX_LANGUAGE_STANDARD = "gnu++0x";
				CLANG_CXX_LIBRARY = "libc++";
				CLANG_ENABLE_MODULES = YES;
				CLANG_ENABLE_OBJC_ARC = YES;
				CLANG_WARN_BOOL_CONVERSION = YES;
				CLANG_WARN_CONSTANT_CONVERSION = YES;
				CLANG_WARN_DIRECT_OBJC_ISA_USAGE = YES_ERROR;
				CLANG_WARN_EMPTY_BODY = YES;
				CLANG_WARN_ENUM_CONVERSION = YES;
				CLANG_WARN_INT_CONVERSION = YES;
				CLANG_WARN_OBJC_ROOT_CLASS = YES_ERROR;
				CLANG_WARN_UNREACHABLE_CODE = YES;
				CLANG_WARN__DUPLICATE_METHOD_MATCH = YES;
				"CODE_SIGN_IDENTITY[sdk=iphoneos*]" = "iPhone Developer";
				COPY_PHASE_STRIP = NO;
				DEBUG_INFORMATION_FORMAT = dwarf;
				ENABLE_STRICT_OBJC_MSGSEND = YES;
				ENABLE_TESTABILITY = YES;
				GCC_C_LANGUAGE_STANDARD = gnu99;
				GCC_DYNAMIC_NO_PIC = NO;
				GCC_NO_COMMON_BLOCKS = YES;
				GCC_OPTIMIZATION_LEVEL = 0;
				GCC_PREPROCESSOR_DEFINITIONS = (
					"DEBUG=1",
					"$(inherited)",
				);
				GCC_WARN_64_TO_32_BIT_CONVERSION = YES;
				GCC_WARN_ABOUT_RETURN_TYPE = YES_ERROR;
				GCC_WARN_UNDECLARED_SELECTOR = YES;
				GCC_WARN_UNINITIALIZED_AUTOS = YES_AGGRESSIVE;
				GCC_WARN_UNUSED_FUNCTION = YES;
				GCC_WARN_UNUSED_VARIABLE = YES;
				IPHONEOS_DEPLOYMENT_TARGET = 9.1;
				MTL_ENABLE_DEBUG_INFO = YES;
				ONLY_ACTIVE_ARCH = YES;
				SDKROOT = iphoneos;
				SWIFT_OPTIMIZATION_LEVEL = "-Onone";
				TARGETED_DEVICE_FAMILY = "1,2";
			};
			name = Debug;
		};
		EF2B1ED21C04A2D300B4A547 /* Release */ = {
			isa = XCBuildConfiguration;
			buildSettings = {
				ALWAYS_SEARCH_USER_PATHS = NO;
				CLANG_CXX_LANGUAGE_STANDARD = "gnu++0x";
				CLANG_CXX_LIBRARY = "libc++";
				CLANG_ENABLE_MODULES = YES;
				CLANG_ENABLE_OBJC_ARC = YES;
				CLANG_WARN_BOOL_CONVERSION = YES;
				CLANG_WARN_CONSTANT_CONVERSION = YES;
				CLANG_WARN_DIRECT_OBJC_ISA_USAGE = YES_ERROR;
				CLANG_WARN_EMPTY_BODY = YES;
				CLANG_WARN_ENUM_CONVERSION = YES;
				CLANG_WARN_INT_CONVERSION = YES;
				CLANG_WARN_OBJC_ROOT_CLASS = YES_ERROR;
				CLANG_WARN_UNREACHABLE_CODE = YES;
				CLANG_WARN__DUPLICATE_METHOD_MATCH = YES;
				"CODE_SIGN_IDENTITY[sdk=iphoneos*]" = "iPhone Developer";
				COPY_PHASE_STRIP = NO;
				DEBUG_INFORMATION_FORMAT = "dwarf-with-dsym";
				ENABLE_NS_ASSERTIONS = NO;
				ENABLE_STRICT_OBJC_MSGSEND = YES;
				GCC_C_LANGUAGE_STANDARD = gnu99;
				GCC_NO_COMMON_BLOCKS = YES;
				GCC_WARN_64_TO_32_BIT_CONVERSION = YES;
				GCC_WARN_ABOUT_RETURN_TYPE = YES_ERROR;
				GCC_WARN_UNDECLARED_SELECTOR = YES;
				GCC_WARN_UNINITIALIZED_AUTOS = YES_AGGRESSIVE;
				GCC_WARN_UNUSED_FUNCTION = YES;
				GCC_WARN_UNUSED_VARIABLE = YES;
				IPHONEOS_DEPLOYMENT_TARGET = 9.1;
				MTL_ENABLE_DEBUG_INFO = NO;
				SDKROOT = iphoneos;
				TARGETED_DEVICE_FAMILY = "1,2";
				VALIDATE_PRODUCT = YES;
			};
			name = Release;
		};
		EF2B1ED41C04A2D300B4A547 /* Debug */ = {
			isa = XCBuildConfiguration;
			buildSettings = {
				ASSETCATALOG_COMPILER_APPICON_NAME = AppIcon;
				INFOPLIST_FILE = DiceGame/Info.plist;
				LD_RUNPATH_SEARCH_PATHS = "$(inherited) @executable_path/Frameworks";
				PRODUCT_BUNDLE_IDENTIFIER = kaloyanpetrov.com.DiceGame;
				PRODUCT_NAME = "$(TARGET_NAME)";
			};
			name = Debug;
		};
		EF2B1ED51C04A2D300B4A547 /* Release */ = {
			isa = XCBuildConfiguration;
			buildSettings = {
				ASSETCATALOG_COMPILER_APPICON_NAME = AppIcon;
				INFOPLIST_FILE = DiceGame/Info.plist;
				LD_RUNPATH_SEARCH_PATHS = "$(inherited) @executable_path/Frameworks";
				PRODUCT_BUNDLE_IDENTIFIER = kaloyanpetrov.com.DiceGame;
				PRODUCT_NAME = "$(TARGET_NAME)";
			};
			name = Release;
		};
		EF2B1ED71C04A2D300B4A547 /* Debug */ = {
			isa = XCBuildConfiguration;
			buildSettings = {
				BUNDLE_LOADER = "$(TEST_HOST)";
				INFOPLIST_FILE = DiceGameTests/Info.plist;
				LD_RUNPATH_SEARCH_PATHS = "$(inherited) @executable_path/Frameworks @loader_path/Frameworks";
				PRODUCT_BUNDLE_IDENTIFIER = kaloyanpetrov.com.DiceGameTests;
				PRODUCT_NAME = "$(TARGET_NAME)";
				TEST_HOST = "$(BUILT_PRODUCTS_DIR)/DiceGame.app/DiceGame";
			};
			name = Debug;
		};
		EF2B1ED81C04A2D300B4A547 /* Release */ = {
			isa = XCBuildConfiguration;
			buildSettings = {
				BUNDLE_LOADER = "$(TEST_HOST)";
				INFOPLIST_FILE = DiceGameTests/Info.plist;
				LD_RUNPATH_SEARCH_PATHS = "$(inherited) @executable_path/Frameworks @loader_path/Frameworks";
				PRODUCT_BUNDLE_IDENTIFIER = kaloyanpetrov.com.DiceGameTests;
				PRODUCT_NAME = "$(TARGET_NAME)";
				TEST_HOST = "$(BUILT_PRODUCTS_DIR)/DiceGame.app/DiceGame";
			};
			name = Release;
		};
		EF2B1EDA1C04A2D300B4A547 /* Debug */ = {
			isa = XCBuildConfiguration;
			buildSettings = {
				INFOPLIST_FILE = DiceGameUITests/Info.plist;
				LD_RUNPATH_SEARCH_PATHS = "$(inherited) @executable_path/Frameworks @loader_path/Frameworks";
				PRODUCT_BUNDLE_IDENTIFIER = kaloyanpetrov.com.DiceGameUITests;
				PRODUCT_NAME = "$(TARGET_NAME)";
				TEST_TARGET_NAME = DiceGame;
				USES_XCTRUNNER = YES;
			};
			name = Debug;
		};
		EF2B1EDB1C04A2D300B4A547 /* Release */ = {
			isa = XCBuildConfiguration;
			buildSettings = {
				INFOPLIST_FILE = DiceGameUITests/Info.plist;
				LD_RUNPATH_SEARCH_PATHS = "$(inherited) @executable_path/Frameworks @loader_path/Frameworks";
				PRODUCT_BUNDLE_IDENTIFIER = kaloyanpetrov.com.DiceGameUITests;
				PRODUCT_NAME = "$(TARGET_NAME)";
				TEST_TARGET_NAME = DiceGame;
				USES_XCTRUNNER = YES;
			};
			name = Release;
		};
/* End XCBuildConfiguration section */

/* Begin XCConfigurationList section */
		EF2B1EA61C04A2D300B4A547 /* Build configuration list for PBXProject "DiceGame" */ = {
			isa = XCConfigurationList;
			buildConfigurations = (
				EF2B1ED11C04A2D300B4A547 /* Debug */,
				EF2B1ED21C04A2D300B4A547 /* Release */,
			);
			defaultConfigurationIsVisible = 0;
			defaultConfigurationName = Release;
		};
		EF2B1ED31C04A2D300B4A547 /* Build configuration list for PBXNativeTarget "DiceGame" */ = {
			isa = XCConfigurationList;
			buildConfigurations = (
				EF2B1ED41C04A2D300B4A547 /* Debug */,
				EF2B1ED51C04A2D300B4A547 /* Release */,
			);
			defaultConfigurationIsVisible = 0;
		};
		EF2B1ED61C04A2D300B4A547 /* Build configuration list for PBXNativeTarget "DiceGameTests" */ = {
			isa = XCConfigurationList;
			buildConfigurations = (
				EF2B1ED71C04A2D300B4A547 /* Debug */,
				EF2B1ED81C04A2D300B4A547 /* Release */,
			);
			defaultConfigurationIsVisible = 0;
		};
		EF2B1ED91C04A2D300B4A547 /* Build configuration list for PBXNativeTarget "DiceGameUITests" */ = {
			isa = XCConfigurationList;
			buildConfigurations = (
				EF2B1EDA1C04A2D300B4A547 /* Debug */,
				EF2B1EDB1C04A2D300B4A547 /* Release */,
			);
			defaultConfigurationIsVisible = 0;
		};
/* End XCConfigurationList section */
	};
	rootObject = EF2B1EA31C04A2D300B4A547 /* Project object */;
}
