// !$*UTF8*$!
{
	archiveVersion = 1;
	classes = {
	};
	objectVersion = 46;
	objects = {

/* Begin PBXBuildFile section */
		EF0463E91C2024D800FFDB04 /* AppDelegate.swift in Sources */ = {isa = PBXBuildFile; fileRef = EF0463E81C2024D800FFDB04 /* AppDelegate.swift */; };
		EF0463EB1C2024D800FFDB04 /* ViewController.swift in Sources */ = {isa = PBXBuildFile; fileRef = EF0463EA1C2024D800FFDB04 /* ViewController.swift */; };
		EF0463EE1C2024D800FFDB04 /* Main.storyboard in Resources */ = {isa = PBXBuildFile; fileRef = EF0463EC1C2024D800FFDB04 /* Main.storyboard */; };
		EF0463F11C2024D800FFDB04 /* PokeDeck.xcdatamodeld in Sources */ = {isa = PBXBuildFile; fileRef = EF0463EF1C2024D800FFDB04 /* PokeDeck.xcdatamodeld */; };
		EF0463F31C2024D800FFDB04 /* Assets.xcassets in Resources */ = {isa = PBXBuildFile; fileRef = EF0463F21C2024D800FFDB04 /* Assets.xcassets */; };
		EF0463F61C2024D800FFDB04 /* LaunchScreen.storyboard in Resources */ = {isa = PBXBuildFile; fileRef = EF0463F41C2024D800FFDB04 /* LaunchScreen.storyboard */; };
/* End PBXBuildFile section */

/* Begin PBXFileReference section */
		EF0463E51C2024D800FFDB04 /* PokeDeck.app */ = {isa = PBXFileReference; explicitFileType = wrapper.application; includeInIndex = 0; path = PokeDeck.app; sourceTree = BUILT_PRODUCTS_DIR; };
		EF0463E81C2024D800FFDB04 /* AppDelegate.swift */ = {isa = PBXFileReference; lastKnownFileType = sourcecode.swift; path = AppDelegate.swift; sourceTree = "<group>"; };
		EF0463EA1C2024D800FFDB04 /* ViewController.swift */ = {isa = PBXFileReference; lastKnownFileType = sourcecode.swift; path = ViewController.swift; sourceTree = "<group>"; };
		EF0463ED1C2024D800FFDB04 /* Base */ = {isa = PBXFileReference; lastKnownFileType = file.storyboard; name = Base; path = Base.lproj/Main.storyboard; sourceTree = "<group>"; };
		EF0463F01C2024D800FFDB04 /* PokeDeck.xcdatamodel */ = {isa = PBXFileReference; lastKnownFileType = wrapper.xcdatamodel; path = PokeDeck.xcdatamodel; sourceTree = "<group>"; };
		EF0463F21C2024D800FFDB04 /* Assets.xcassets */ = {isa = PBXFileReference; lastKnownFileType = folder.assetcatalog; path = Assets.xcassets; sourceTree = "<group>"; };
		EF0463F51C2024D800FFDB04 /* Base */ = {isa = PBXFileReference; lastKnownFileType = file.storyboard; name = Base; path = Base.lproj/LaunchScreen.storyboard; sourceTree = "<group>"; };
		EF0463F71C2024D800FFDB04 /* Info.plist */ = {isa = PBXFileReference; lastKnownFileType = text.plist.xml; path = Info.plist; sourceTree = "<group>"; };
/* End PBXFileReference section */

/* Begin PBXFrameworksBuildPhase section */
		EF0463E21C2024D700FFDB04 /* Frameworks */ = {
			isa = PBXFrameworksBuildPhase;
			buildActionMask = 2147483647;
			files = (
			);
			runOnlyForDeploymentPostprocessing = 0;
		};
/* End PBXFrameworksBuildPhase section */

/* Begin PBXGroup section */
		EF0463DC1C2024D700FFDB04 = {
			isa = PBXGroup;
			children = (
				EF0463E71C2024D800FFDB04 /* PokeDeck */,
				EF0463E61C2024D800FFDB04 /* Products */,
			);
			sourceTree = "<group>";
		};
		EF0463E61C2024D800FFDB04 /* Products */ = {
			isa = PBXGroup;
			children = (
				EF0463E51C2024D800FFDB04 /* PokeDeck.app */,
			);
			name = Products;
			sourceTree = "<group>";
		};
		EF0463E71C2024D800FFDB04 /* PokeDeck */ = {
			isa = PBXGroup;
			children = (
				EF0463E81C2024D800FFDB04 /* AppDelegate.swift */,
				EF0463EA1C2024D800FFDB04 /* ViewController.swift */,
				EF0463EC1C2024D800FFDB04 /* Main.storyboard */,
				EF0463F21C2024D800FFDB04 /* Assets.xcassets */,
				EF0463F41C2024D800FFDB04 /* LaunchScreen.storyboard */,
				EF0463F71C2024D800FFDB04 /* Info.plist */,
				EF0463EF1C2024D800FFDB04 /* PokeDeck.xcdatamodeld */,
			);
			path = PokeDeck;
			sourceTree = "<group>";
		};
/* End PBXGroup section */

/* Begin PBXNativeTarget section */
		EF0463E41C2024D700FFDB04 /* PokeDeck */ = {
			isa = PBXNativeTarget;
			buildConfigurationList = EF0463FA1C2024D800FFDB04 /* Build configuration list for PBXNativeTarget "PokeDeck" */;
			buildPhases = (
				EF0463E11C2024D700FFDB04 /* Sources */,
				EF0463E21C2024D700FFDB04 /* Frameworks */,
				EF0463E31C2024D700FFDB04 /* Resources */,
			);
			buildRules = (
			);
			dependencies = (
			);
			name = PokeDeck;
			productName = PokeDeck;
			productReference = EF0463E51C2024D800FFDB04 /* PokeDeck.app */;
			productType = "com.apple.product-type.application";
		};
/* End PBXNativeTarget section */

/* Begin PBXProject section */
		EF0463DD1C2024D700FFDB04 /* Project object */ = {
			isa = PBXProject;
			attributes = {
				LastSwiftUpdateCheck = 0720;
				LastUpgradeCheck = 0720;
				ORGANIZATIONNAME = kaloyanpetrov;
				TargetAttributes = {
					EF0463E41C2024D700FFDB04 = {
						CreatedOnToolsVersion = 7.2;
					};
				};
			};
			buildConfigurationList = EF0463E01C2024D700FFDB04 /* Build configuration list for PBXProject "PokeDeck" */;
			compatibilityVersion = "Xcode 3.2";
			developmentRegion = English;
			hasScannedForEncodings = 0;
			knownRegions = (
				en,
				Base,
			);
			mainGroup = EF0463DC1C2024D700FFDB04;
			productRefGroup = EF0463E61C2024D800FFDB04 /* Products */;
			projectDirPath = "";
			projectRoot = "";
			targets = (
				EF0463E41C2024D700FFDB04 /* PokeDeck */,
			);
		};
/* End PBXProject section */

/* Begin PBXResourcesBuildPhase section */
		EF0463E31C2024D700FFDB04 /* Resources */ = {
			isa = PBXResourcesBuildPhase;
			buildActionMask = 2147483647;
			files = (
				EF0463F61C2024D800FFDB04 /* LaunchScreen.storyboard in Resources */,
				EF0463F31C2024D800FFDB04 /* Assets.xcassets in Resources */,
				EF0463EE1C2024D800FFDB04 /* Main.storyboard in Resources */,
			);
			runOnlyForDeploymentPostprocessing = 0;
		};
/* End PBXResourcesBuildPhase section */

/* Begin PBXSourcesBuildPhase section */
		EF0463E11C2024D700FFDB04 /* Sources */ = {
			isa = PBXSourcesBuildPhase;
			buildActionMask = 2147483647;
			files = (
				EF0463EB1C2024D800FFDB04 /* ViewController.swift in Sources */,
				EF0463E91C2024D800FFDB04 /* AppDelegate.swift in Sources */,
				EF0463F11C2024D800FFDB04 /* PokeDeck.xcdatamodeld in Sources */,
			);
			runOnlyForDeploymentPostprocessing = 0;
		};
/* End PBXSourcesBuildPhase section */

/* Begin PBXVariantGroup section */
		EF0463EC1C2024D800FFDB04 /* Main.storyboard */ = {
			isa = PBXVariantGroup;
			children = (
				EF0463ED1C2024D800FFDB04 /* Base */,
			);
			name = Main.storyboard;
			sourceTree = "<group>";
		};
		EF0463F41C2024D800FFDB04 /* LaunchScreen.storyboard */ = {
			isa = PBXVariantGroup;
			children = (
				EF0463F51C2024D800FFDB04 /* Base */,
			);
			name = LaunchScreen.storyboard;
			sourceTree = "<group>";
		};
/* End PBXVariantGroup section */

/* Begin XCBuildConfiguration section */
		EF0463F81C2024D800FFDB04 /* Debug */ = {
			isa = XCBuildConfiguration;
			buildSettings = {
				ALWAYS_SEARCH_USER_PATHS = NO;
				CLANG_CXX_LANGUAGE_STANDARD = "gnu++0x";
				CLANG_CXX_LIBRARY = "libc++";
				CLANG_ENABLE_MODULES = YES;
				CLANG_ENABLE_OBJC_ARC = YES;
				CLANG_WARN_BOOL_CONVERSION = YES;
				CLANG_WARN_CONSTANT_CONVERSION = YES;
				CLANG_WARN_DIRECT_OBJC_ISA_USAGE = YES_ERROR;
				CLANG_WARN_EMPTY_BODY = YES;
				CLANG_WARN_ENUM_CONVERSION = YES;
				CLANG_WARN_INT_CONVERSION = YES;
				CLANG_WARN_OBJC_ROOT_CLASS = YES_ERROR;
				CLANG_WARN_UNREACHABLE_CODE = YES;
				CLANG_WARN__DUPLICATE_METHOD_MATCH = YES;
				"CODE_SIGN_IDENTITY[sdk=iphoneos*]" = "iPhone Developer";
				COPY_PHASE_STRIP = NO;
				DEBUG_INFORMATION_FORMAT = dwarf;
				ENABLE_STRICT_OBJC_MSGSEND = YES;
				ENABLE_TESTABILITY = YES;
				GCC_C_LANGUAGE_STANDARD = gnu99;
				GCC_DYNAMIC_NO_PIC = NO;
				GCC_NO_COMMON_BLOCKS = YES;
				GCC_OPTIMIZATION_LEVEL = 0;
				GCC_PREPROCESSOR_DEFINITIONS = (
					"DEBUG=1",
					"$(inherited)",
				);
				GCC_WARN_64_TO_32_BIT_CONVERSION = YES;
				GCC_WARN_ABOUT_RETURN_TYPE = YES_ERROR;
				GCC_WARN_UNDECLARED_SELECTOR = YES;
				GCC_WARN_UNINITIALIZED_AUTOS = YES_AGGRESSIVE;
				GCC_WARN_UNUSED_FUNCTION = YES;
				GCC_WARN_UNUSED_VARIABLE = YES;
				IPHONEOS_DEPLOYMENT_TARGET = 9.2;
				MTL_ENABLE_DEBUG_INFO = YES;
				ONLY_ACTIVE_ARCH = YES;
				SDKROOT = iphoneos;
				SWIFT_OPTIMIZATION_LEVEL = "-Onone";
				TARGETED_DEVICE_FAMILY = "1,2";
			};
			name = Debug;
		};
		EF0463F91C2024D800FFDB04 /* Release */ = {
			isa = XCBuildConfiguration;
			buildSettings = {
				ALWAYS_SEARCH_USER_PATHS = NO;
				CLANG_CXX_LANGUAGE_STANDARD = "gnu++0x";
				CLANG_CXX_LIBRARY = "libc++";
				CLANG_ENABLE_MODULES = YES;
				CLANG_ENABLE_OBJC_ARC = YES;
				CLANG_WARN_BOOL_CONVERSION = YES;
				CLANG_WARN_CONSTANT_CONVERSION = YES;
				CLANG_WARN_DIRECT_OBJC_ISA_USAGE = YES_ERROR;
				CLANG_WARN_EMPTY_BODY = YES;
				CLANG_WARN_ENUM_CONVERSION = YES;
				CLANG_WARN_INT_CONVERSION = YES;
				CLANG_WARN_OBJC_ROOT_CLASS = YES_ERROR;
				CLANG_WARN_UNREACHABLE_CODE = YES;
				CLANG_WARN__DUPLICATE_METHOD_MATCH = YES;
				"CODE_SIGN_IDENTITY[sdk=iphoneos*]" = "iPhone Developer";
				COPY_PHASE_STRIP = NO;
				DEBUG_INFORMATION_FORMAT = "dwarf-with-dsym";
				ENABLE_NS_ASSERTIONS = NO;
				ENABLE_STRICT_OBJC_MSGSEND = YES;
				GCC_C_LANGUAGE_STANDARD = gnu99;
				GCC_NO_COMMON_BLOCKS = YES;
				GCC_WARN_64_TO_32_BIT_CONVERSION = YES;
				GCC_WARN_ABOUT_RETURN_TYPE = YES_ERROR;
				GCC_WARN_UNDECLARED_SELECTOR = YES;
				GCC_WARN_UNINITIALIZED_AUTOS = YES_AGGRESSIVE;
				GCC_WARN_UNUSED_FUNCTION = YES;
				GCC_WARN_UNUSED_VARIABLE = YES;
				IPHONEOS_DEPLOYMENT_TARGET = 9.2;
				MTL_ENABLE_DEBUG_INFO = NO;
				SDKROOT = iphoneos;
				TARGETED_DEVICE_FAMILY = "1,2";
				VALIDATE_PRODUCT = YES;
			};
			name = Release;
		};
		EF0463FB1C2024D800FFDB04 /* Debug */ = {
			isa = XCBuildConfiguration;
			buildSettings = {
				ASSETCATALOG_COMPILER_APPICON_NAME = AppIcon;
				INFOPLIST_FILE = PokeDeck/Info.plist;
				LD_RUNPATH_SEARCH_PATHS = "$(inherited) @executable_path/Frameworks";
				PRODUCT_BUNDLE_IDENTIFIER = kaloyanpetrov.com.PokeDeck;
				PRODUCT_NAME = "$(TARGET_NAME)";
			};
			name = Debug;
		};
		EF0463FC1C2024D800FFDB04 /* Release */ = {
			isa = XCBuildConfiguration;
			buildSettings = {
				ASSETCATALOG_COMPILER_APPICON_NAME = AppIcon;
				INFOPLIST_FILE = PokeDeck/Info.plist;
				LD_RUNPATH_SEARCH_PATHS = "$(inherited) @executable_path/Frameworks";
				PRODUCT_BUNDLE_IDENTIFIER = kaloyanpetrov.com.PokeDeck;
				PRODUCT_NAME = "$(TARGET_NAME)";
			};
			name = Release;
		};
/* End XCBuildConfiguration section */

/* Begin XCConfigurationList section */
		EF0463E01C2024D700FFDB04 /* Build configuration list for PBXProject "PokeDeck" */ = {
			isa = XCConfigurationList;
			buildConfigurations = (
				EF0463F81C2024D800FFDB04 /* Debug */,
				EF0463F91C2024D800FFDB04 /* Release */,
			);
			defaultConfigurationIsVisible = 0;
			defaultConfigurationName = Release;
		};
		EF0463FA1C2024D800FFDB04 /* Build configuration list for PBXNativeTarget "PokeDeck" */ = {
			isa = XCConfigurationList;
			buildConfigurations = (
				EF0463FB1C2024D800FFDB04 /* Debug */,
				EF0463FC1C2024D800FFDB04 /* Release */,
			);
			defaultConfigurationIsVisible = 0;
		};
/* End XCConfigurationList section */

/* Begin XCVersionGroup section */
		EF0463EF1C2024D800FFDB04 /* PokeDeck.xcdatamodeld */ = {
			isa = XCVersionGroup;
			children = (
				EF0463F01C2024D800FFDB04 /* PokeDeck.xcdatamodel */,
			);
			currentVersion = EF0463F01C2024D800FFDB04 /* PokeDeck.xcdatamodel */;
			path = PokeDeck.xcdatamodeld;
			sourceTree = "<group>";
			versionGroupType = wrapper.xcdatamodel;
		};
/* End XCVersionGroup section */
	};
	rootObject = EF0463DD1C2024D700FFDB04 /* Project object */;
}
